// !$*UTF8*$!
{
	archiveVersion = 1;
	classes = {
	};
	objectVersion = 46;
	objects = {

/* Begin PBXBuildFile section */
		AAD2CE0C1CAA8305007D3C3F /* main.m in Sources */ = {isa = PBXBuildFile; fileRef = AAD2CE0B1CAA8305007D3C3F /* main.m */; };
		AAD2CE0F1CAA8305007D3C3F /* AppDelegate.m in Sources */ = {isa = PBXBuildFile; fileRef = AAD2CE0E1CAA8305007D3C3F /* AppDelegate.m */; };
		AAD2CE121CAA8305007D3C3F /* ViewController.m in Sources */ = {isa = PBXBuildFile; fileRef = AAD2CE111CAA8305007D3C3F /* ViewController.m */; };
		AAD2CE171CAA8305007D3C3F /* Assets.xcassets in Resources */ = {isa = PBXBuildFile; fileRef = AAD2CE161CAA8305007D3C3F /* Assets.xcassets */; };
		AAD2CE1A1CAA8305007D3C3F /* LaunchScreen.storyboard in Resources */ = {isa = PBXBuildFile; fileRef = AAD2CE181CAA8305007D3C3F /* LaunchScreen.storyboard */; };
		AAD2CE251CAA8305007D3C3F /* Table_Challenge_2UITests.m in Sources */ = {isa = PBXBuildFile; fileRef = AAD2CE241CAA8305007D3C3F /* Table_Challenge_2UITests.m */; };
		AAD2CE311CAA8394007D3C3F /* ShowList.m in Sources */ = {isa = PBXBuildFile; fileRef = AAD2CE301CAA8394007D3C3F /* ShowList.m */; };
		AAD2CE331CAA85F9007D3C3F /* shows-characters.plist in Resources */ = {isa = PBXBuildFile; fileRef = AAD2CE321CAA85F9007D3C3F /* shows-characters.plist */; };
		AAD2CE361CAA90CA007D3C3F /* CharacterList.m in Sources */ = {isa = PBXBuildFile; fileRef = AAD2CE351CAA90CA007D3C3F /* CharacterList.m */; };
		AAD2CE391CAA9B35007D3C3F /* CharacterPictureViewController.m in Sources */ = {isa = PBXBuildFile; fileRef = AAD2CE381CAA9B35007D3C3F /* CharacterPictureViewController.m */; };
		AAD2CE3B1CAAA473007D3C3F /* Main.storyboard in Resources */ = {isa = PBXBuildFile; fileRef = AAD2CE3A1CAAA473007D3C3F /* Main.storyboard */; };
/* End PBXBuildFile section */

/* Begin PBXContainerItemProxy section */
		AAD2CE211CAA8305007D3C3F /* PBXContainerItemProxy */ = {
			isa = PBXContainerItemProxy;
			containerPortal = AAD2CDFF1CAA8305007D3C3F /* Project object */;
			proxyType = 1;
			remoteGlobalIDString = AAD2CE061CAA8305007D3C3F;
			remoteInfo = "Table Challenge 2";
		};
/* End PBXContainerItemProxy section */

/* Begin PBXFileReference section */
		AAD2CE071CAA8305007D3C3F /* Table Challenge 2.app */ = {isa = PBXFileReference; explicitFileType = wrapper.application; includeInIndex = 0; path = "Table Challenge 2.app"; sourceTree = BUILT_PRODUCTS_DIR; };
		AAD2CE0B1CAA8305007D3C3F /* main.m */ = {isa = PBXFileReference; lastKnownFileType = sourcecode.c.objc; path = main.m; sourceTree = "<group>"; };
		AAD2CE0D1CAA8305007D3C3F /* AppDelegate.h */ = {isa = PBXFileReference; lastKnownFileType = sourcecode.c.h; path = AppDelegate.h; sourceTree = "<group>"; };
		AAD2CE0E1CAA8305007D3C3F /* AppDelegate.m */ = {isa = PBXFileReference; lastKnownFileType = sourcecode.c.objc; path = AppDelegate.m; sourceTree = "<group>"; };
		AAD2CE101CAA8305007D3C3F /* ViewController.h */ = {isa = PBXFileReference; lastKnownFileType = sourcecode.c.h; path = ViewController.h; sourceTree = "<group>"; };
		AAD2CE111CAA8305007D3C3F /* ViewController.m */ = {isa = PBXFileReference; lastKnownFileType = sourcecode.c.objc; path = ViewController.m; sourceTree = "<group>"; };
		AAD2CE161CAA8305007D3C3F /* Assets.xcassets */ = {isa = PBXFileReference; lastKnownFileType = folder.assetcatalog; path = Assets.xcassets; sourceTree = "<group>"; };
		AAD2CE191CAA8305007D3C3F /* Base */ = {isa = PBXFileReference; lastKnownFileType = file.storyboard; name = Base; path = Base.lproj/LaunchScreen.storyboard; sourceTree = "<group>"; };
		AAD2CE1B1CAA8305007D3C3F /* Info.plist */ = {isa = PBXFileReference; lastKnownFileType = text.plist.xml; path = Info.plist; sourceTree = "<group>"; };
		AAD2CE201CAA8305007D3C3F /* Table Challenge 2UITests.xctest */ = {isa = PBXFileReference; explicitFileType = wrapper.cfbundle; includeInIndex = 0; path = "Table Challenge 2UITests.xctest"; sourceTree = BUILT_PRODUCTS_DIR; };
		AAD2CE241CAA8305007D3C3F /* Table_Challenge_2UITests.m */ = {isa = PBXFileReference; lastKnownFileType = sourcecode.c.objc; path = Table_Challenge_2UITests.m; sourceTree = "<group>"; };
		AAD2CE261CAA8305007D3C3F /* Info.plist */ = {isa = PBXFileReference; lastKnownFileType = text.plist.xml; path = Info.plist; sourceTree = "<group>"; };
		AAD2CE2F1CAA8394007D3C3F /* ShowList.h */ = {isa = PBXFileReference; fileEncoding = 4; lastKnownFileType = sourcecode.c.h; path = ShowList.h; sourceTree = "<group>"; };
		AAD2CE301CAA8394007D3C3F /* ShowList.m */ = {isa = PBXFileReference; fileEncoding = 4; lastKnownFileType = sourcecode.c.objc; path = ShowList.m; sourceTree = "<group>"; };
		AAD2CE321CAA85F9007D3C3F /* shows-characters.plist */ = {isa = PBXFileReference; fileEncoding = 4; lastKnownFileType = text.plist.xml; path = "shows-characters.plist"; sourceTree = "<group>"; };
		AAD2CE341CAA90CA007D3C3F /* CharacterList.h */ = {isa = PBXFileReference; fileEncoding = 4; lastKnownFileType = sourcecode.c.h; path = CharacterList.h; sourceTree = "<group>"; };
		AAD2CE351CAA90CA007D3C3F /* CharacterList.m */ = {isa = PBXFileReference; fileEncoding = 4; lastKnownFileType = sourcecode.c.objc; path = CharacterList.m; sourceTree = "<group>"; };
		AAD2CE371CAA9B35007D3C3F /* CharacterPictureViewController.h */ = {isa = PBXFileReference; fileEncoding = 4; lastKnownFileType = sourcecode.c.h; path = CharacterPictureViewController.h; sourceTree = "<group>"; };
		AAD2CE381CAA9B35007D3C3F /* CharacterPictureViewController.m */ = {isa = PBXFileReference; fileEncoding = 4; lastKnownFileType = sourcecode.c.objc; path = CharacterPictureViewController.m; sourceTree = "<group>"; };
		AAD2CE3A1CAAA473007D3C3F /* Main.storyboard */ = {isa = PBXFileReference; fileEncoding = 4; lastKnownFileType = file.storyboard; path = Main.storyboard; sourceTree = "<group>"; };
/* End PBXFileReference section */

/* Begin PBXFrameworksBuildPhase section */
		AAD2CE041CAA8305007D3C3F /* Frameworks */ = {
			isa = PBXFrameworksBuildPhase;
			buildActionMask = 2147483647;
			files = (
			);
			runOnlyForDeploymentPostprocessing = 0;
		};
		AAD2CE1D1CAA8305007D3C3F /* Frameworks */ = {
			isa = PBXFrameworksBuildPhase;
			buildActionMask = 2147483647;
			files = (
			);
			runOnlyForDeploymentPostprocessing = 0;
		};
/* End PBXFrameworksBuildPhase section */

/* Begin PBXGroup section */
		AAD2CDFE1CAA8305007D3C3F = {
			isa = PBXGroup;
			children = (
				AAD2CE091CAA8305007D3C3F /* Table Challenge 2 */,
				AAD2CE231CAA8305007D3C3F /* Table Challenge 2UITests */,
				AAD2CE081CAA8305007D3C3F /* Products */,
			);
			sourceTree = "<group>";
		};
		AAD2CE081CAA8305007D3C3F /* Products */ = {
			isa = PBXGroup;
			children = (
				AAD2CE071CAA8305007D3C3F /* Table Challenge 2.app */,
				AAD2CE201CAA8305007D3C3F /* Table Challenge 2UITests.xctest */,
			);
			name = Products;
			sourceTree = "<group>";
		};
		AAD2CE091CAA8305007D3C3F /* Table Challenge 2 */ = {
			isa = PBXGroup;
			children = (
				AAD2CE0D1CAA8305007D3C3F /* AppDelegate.h */,
				AAD2CE0E1CAA8305007D3C3F /* AppDelegate.m */,
				AAD2CE101CAA8305007D3C3F /* ViewController.h */,
				AAD2CE111CAA8305007D3C3F /* ViewController.m */,
				AAD2CE3A1CAAA473007D3C3F /* Main.storyboard */,
				AAD2CE2F1CAA8394007D3C3F /* ShowList.h */,
				AAD2CE301CAA8394007D3C3F /* ShowList.m */,
				AAD2CE341CAA90CA007D3C3F /* CharacterList.h */,
				AAD2CE351CAA90CA007D3C3F /* CharacterList.m */,
				AAD2CE371CAA9B35007D3C3F /* CharacterPictureViewController.h */,
				AAD2CE381CAA9B35007D3C3F /* CharacterPictureViewController.m */,
				AAD2CE161CAA8305007D3C3F /* Assets.xcassets */,
				AAD2CE181CAA8305007D3C3F /* LaunchScreen.storyboard */,
				AAD2CE1B1CAA8305007D3C3F /* Info.plist */,
				AAD2CE321CAA85F9007D3C3F /* shows-characters.plist */,
				AAD2CE0A1CAA8305007D3C3F /* Supporting Files */,
			);
			path = "Table Challenge 2";
			sourceTree = "<group>";
		};
		AAD2CE0A1CAA8305007D3C3F /* Supporting Files */ = {
			isa = PBXGroup;
			children = (
				AAD2CE0B1CAA8305007D3C3F /* main.m */,
			);
			name = "Supporting Files";
			sourceTree = "<group>";
		};
		AAD2CE231CAA8305007D3C3F /* Table Challenge 2UITests */ = {
			isa = PBXGroup;
			children = (
				AAD2CE241CAA8305007D3C3F /* Table_Challenge_2UITests.m */,
				AAD2CE261CAA8305007D3C3F /* Info.plist */,
			);
			path = "Table Challenge 2UITests";
			sourceTree = "<group>";
		};
/* End PBXGroup section */

/* Begin PBXNativeTarget section */
		AAD2CE061CAA8305007D3C3F /* Table Challenge 2 */ = {
			isa = PBXNativeTarget;
			buildConfigurationList = AAD2CE291CAA8305007D3C3F /* Build configuration list for PBXNativeTarget "Table Challenge 2" */;
			buildPhases = (
				AAD2CE031CAA8305007D3C3F /* Sources */,
				AAD2CE041CAA8305007D3C3F /* Frameworks */,
				AAD2CE051CAA8305007D3C3F /* Resources */,
			);
			buildRules = (
			);
			dependencies = (
			);
			name = "Table Challenge 2";
			productName = "Table Challenge 2";
			productReference = AAD2CE071CAA8305007D3C3F /* Table Challenge 2.app */;
			productType = "com.apple.product-type.application";
		};
		AAD2CE1F1CAA8305007D3C3F /* Table Challenge 2UITests */ = {
			isa = PBXNativeTarget;
			buildConfigurationList = AAD2CE2C1CAA8305007D3C3F /* Build configuration list for PBXNativeTarget "Table Challenge 2UITests" */;
			buildPhases = (
				AAD2CE1C1CAA8305007D3C3F /* Sources */,
				AAD2CE1D1CAA8305007D3C3F /* Frameworks */,
				AAD2CE1E1CAA8305007D3C3F /* Resources */,
			);
			buildRules = (
			);
			dependencies = (
				AAD2CE221CAA8305007D3C3F /* PBXTargetDependency */,
			);
			name = "Table Challenge 2UITests";
			productName = "Table Challenge 2UITests";
			productReference = AAD2CE201CAA8305007D3C3F /* Table Challenge 2UITests.xctest */;
			productType = "com.apple.product-type.bundle.ui-testing";
		};
/* End PBXNativeTarget section */

/* Begin PBXProject section */
		AAD2CDFF1CAA8305007D3C3F /* Project object */ = {
			isa = PBXProject;
			attributes = {
				LastUpgradeCheck = 0720;
				ORGANIZATIONNAME = Training;
				TargetAttributes = {
					AAD2CE061CAA8305007D3C3F = {
						CreatedOnToolsVersion = 7.2;
					};
					AAD2CE1F1CAA8305007D3C3F = {
						CreatedOnToolsVersion = 7.2;
						TestTargetID = AAD2CE061CAA8305007D3C3F;
					};
				};
			};
			buildConfigurationList = AAD2CE021CAA8305007D3C3F /* Build configuration list for PBXProject "Table Challenge 2" */;
			compatibilityVersion = "Xcode 3.2";
			developmentRegion = English;
			hasScannedForEncodings = 0;
			knownRegions = (
				en,
				Base,
			);
			mainGroup = AAD2CDFE1CAA8305007D3C3F;
			productRefGroup = AAD2CE081CAA8305007D3C3F /* Products */;
			projectDirPath = "";
			projectRoot = "";
			targets = (
				AAD2CE061CAA8305007D3C3F /* Table Challenge 2 */,
				AAD2CE1F1CAA8305007D3C3F /* Table Challenge 2UITests */,
			);
		};
/* End PBXProject section */

/* Begin PBXResourcesBuildPhase section */
		AAD2CE051CAA8305007D3C3F /* Resources */ = {
			isa = PBXResourcesBuildPhase;
			buildActionMask = 2147483647;
			files = (
				AAD2CE1A1CAA8305007D3C3F /* LaunchScreen.storyboard in Resources */,
				AAD2CE331CAA85F9007D3C3F /* shows-characters.plist in Resources */,
				AAD2CE171CAA8305007D3C3F /* Assets.xcassets in Resources */,
				AAD2CE3B1CAAA473007D3C3F /* Main.storyboard in Resources */,
			);
			runOnlyForDeploymentPostprocessing = 0;
		};
		AAD2CE1E1CAA8305007D3C3F /* Resources */ = {
			isa = PBXResourcesBuildPhase;
			buildActionMask = 2147483647;
			files = (
			);
			runOnlyForDeploymentPostprocessing = 0;
		};
/* End PBXResourcesBuildPhase section */

/* Begin PBXSourcesBuildPhase section */
		AAD2CE031CAA8305007D3C3F /* Sources */ = {
			isa = PBXSourcesBuildPhase;
			buildActionMask = 2147483647;
			files = (
				AAD2CE121CAA8305007D3C3F /* ViewController.m in Sources */,
				AAD2CE0F1CAA8305007D3C3F /* AppDelegate.m in Sources */,
				AAD2CE311CAA8394007D3C3F /* ShowList.m in Sources */,
				AAD2CE0C1CAA8305007D3C3F /* main.m in Sources */,
				AAD2CE391CAA9B35007D3C3F /* CharacterPictureViewController.m in Sources */,
				AAD2CE361CAA90CA007D3C3F /* CharacterList.m in Sources */,
			);
			runOnlyForDeploymentPostprocessing = 0;
		};
		AAD2CE1C1CAA8305007D3C3F /* Sources */ = {
			isa = PBXSourcesBuildPhase;
			buildActionMask = 2147483647;
			files = (
				AAD2CE251CAA8305007D3C3F /* Table_Challenge_2UITests.m in Sources */,
			);
			runOnlyForDeploymentPostprocessing = 0;
		};
/* End PBXSourcesBuildPhase section */

/* Begin PBXTargetDependency section */
		AAD2CE221CAA8305007D3C3F /* PBXTargetDependency */ = {
			isa = PBXTargetDependency;
			target = AAD2CE061CAA8305007D3C3F /* Table Challenge 2 */;
			targetProxy = AAD2CE211CAA8305007D3C3F /* PBXContainerItemProxy */;
		};
/* End PBXTargetDependency section */

/* Begin PBXVariantGroup section */
		AAD2CE181CAA8305007D3C3F /* LaunchScreen.storyboard */ = {
			isa = PBXVariantGroup;
			children = (
				AAD2CE191CAA8305007D3C3F /* Base */,
			);
			name = LaunchScreen.storyboard;
			sourceTree = "<group>";
		};
/* End PBXVariantGroup section */

/* Begin XCBuildConfiguration section */
		AAD2CE271CAA8305007D3C3F /* Debug */ = {
			isa = XCBuildConfiguration;
			buildSettings = {
				ALWAYS_SEARCH_USER_PATHS = NO;
				CLANG_CXX_LANGUAGE_STANDARD = "gnu++0x";
				CLANG_CXX_LIBRARY = "libc++";
				CLANG_ENABLE_MODULES = YES;
				CLANG_ENABLE_OBJC_ARC = YES;
				CLANG_WARN_BOOL_CONVERSION = YES;
				CLANG_WARN_CONSTANT_CONVERSION = YES;
				CLANG_WARN_DIRECT_OBJC_ISA_USAGE = YES_ERROR;
				CLANG_WARN_EMPTY_BODY = YES;
				CLANG_WARN_ENUM_CONVERSION = YES;
				CLANG_WARN_INT_CONVERSION = YES;
				CLANG_WARN_OBJC_ROOT_CLASS = YES_ERROR;
				CLANG_WARN_UNREACHABLE_CODE = YES;
				CLANG_WARN__DUPLICATE_METHOD_MATCH = YES;
				"CODE_SIGN_IDENTITY[sdk=iphoneos*]" = "iPhone Developer";
				COPY_PHASE_STRIP = NO;
				DEBUG_INFORMATION_FORMAT = dwarf;
				ENABLE_STRICT_OBJC_MSGSEND = YES;
				ENABLE_TESTABILITY = YES;
				GCC_C_LANGUAGE_STANDARD = gnu99;
				GCC_DYNAMIC_NO_PIC = NO;
				GCC_NO_COMMON_BLOCKS = YES;
				GCC_OPTIMIZATION_LEVEL = 0;
				GCC_PREPROCESSOR_DEFINITIONS = (
					"DEBUG=1",
					"$(inherited)",
				);
				GCC_WARN_64_TO_32_BIT_CONVERSION = YES;
				GCC_WARN_ABOUT_RETURN_TYPE = YES_ERROR;
				GCC_WARN_UNDECLARED_SELECTOR = YES;
				GCC_WARN_UNINITIALIZED_AUTOS = YES_AGGRESSIVE;
				GCC_WARN_UNUSED_FUNCTION = YES;
				GCC_WARN_UNUSED_VARIABLE = YES;
				IPHONEOS_DEPLOYMENT_TARGET = 9.2;
				MTL_ENABLE_DEBUG_INFO = YES;
				ONLY_ACTIVE_ARCH = YES;
				SDKROOT = iphoneos;
			};
			name = Debug;
		};
		AAD2CE281CAA8305007D3C3F /* Release */ = {
			isa = XCBuildConfiguration;
			buildSettings = {
				ALWAYS_SEARCH_USER_PATHS = NO;
				CLANG_CXX_LANGUAGE_STANDARD = "gnu++0x";
				CLANG_CXX_LIBRARY = "libc++";
				CLANG_ENABLE_MODULES = YES;
				CLANG_ENABLE_OBJC_ARC = YES;
				CLANG_WARN_BOOL_CONVERSION = YES;
				CLANG_WARN_CONSTANT_CONVERSION = YES;
				CLANG_WARN_DIRECT_OBJC_ISA_USAGE = YES_ERROR;
				CLANG_WARN_EMPTY_BODY = YES;
				CLANG_WARN_ENUM_CONVERSION = YES;
				CLANG_WARN_INT_CONVERSION = YES;
				CLANG_WARN_OBJC_ROOT_CLASS = YES_ERROR;
				CLANG_WARN_UNREACHABLE_CODE = YES;
				CLANG_WARN__DUPLICATE_METHOD_MATCH = YES;
				"CODE_SIGN_IDENTITY[sdk=iphoneos*]" = "iPhone Developer";
				COPY_PHASE_STRIP = NO;
				DEBUG_INFORMATION_FORMAT = "dwarf-with-dsym";
				ENABLE_NS_ASSERTIONS = NO;
				ENABLE_STRICT_OBJC_MSGSEND = YES;
				GCC_C_LANGUAGE_STANDARD = gnu99;
				GCC_NO_COMMON_BLOCKS = YES;
				GCC_WARN_64_TO_32_BIT_CONVERSION = YES;
				GCC_WARN_ABOUT_RETURN_TYPE = YES_ERROR;
				GCC_WARN_UNDECLARED_SELECTOR = YES;
				GCC_WARN_UNINITIALIZED_AUTOS = YES_AGGRESSIVE;
				GCC_WARN_UNUSED_FUNCTION = YES;
				GCC_WARN_UNUSED_VARIABLE = YES;
				IPHONEOS_DEPLOYMENT_TARGET = 9.2;
				MTL_ENABLE_DEBUG_INFO = NO;
				SDKROOT = iphoneos;
				VALIDATE_PRODUCT = YES;
			};
			name = Release;
		};
		AAD2CE2A1CAA8305007D3C3F /* Debug */ = {
			isa = XCBuildConfiguration;
			buildSettings = {
				ASSETCATALOG_COMPILER_APPICON_NAME = AppIcon;
				INFOPLIST_FILE = "Table Challenge 2/Info.plist";
				LD_RUNPATH_SEARCH_PATHS = "$(inherited) @executable_path/Frameworks";
				PRODUCT_BUNDLE_IDENTIFIER = "com.training.Table-Challenge-2";
				PRODUCT_NAME = "$(TARGET_NAME)";
			};
			name = Debug;
		};
		AAD2CE2B1CAA8305007D3C3F /* Release */ = {
			isa = XCBuildConfiguration;
			buildSettings = {
				ASSETCATALOG_COMPILER_APPICON_NAME = AppIcon;
				INFOPLIST_FILE = "Table Challenge 2/Info.plist";
				LD_RUNPATH_SEARCH_PATHS = "$(inherited) @executable_path/Frameworks";
				PRODUCT_BUNDLE_IDENTIFIER = "com.training.Table-Challenge-2";
				PRODUCT_NAME = "$(TARGET_NAME)";
			};
			name = Release;
		};
		AAD2CE2D1CAA8305007D3C3F /* Debug */ = {
			isa = XCBuildConfiguration;
			buildSettings = {
				INFOPLIST_FILE = "Table Challenge 2UITests/Info.plist";
				LD_RUNPATH_SEARCH_PATHS = "$(inherited) @executable_path/Frameworks @loader_path/Frameworks";
				PRODUCT_BUNDLE_IDENTIFIER = "com.training.Table-Challenge-2UITests";
				PRODUCT_NAME = "$(TARGET_NAME)";
				TEST_TARGET_NAME = "Table Challenge 2";
				USES_XCTRUNNER = YES;
			};
			name = Debug;
		};
		AAD2CE2E1CAA8305007D3C3F /* Release */ = {
			isa = XCBuildConfiguration;
			buildSettings = {
				INFOPLIST_FILE = "Table Challenge 2UITests/Info.plist";
				LD_RUNPATH_SEARCH_PATHS = "$(inherited) @executable_path/Frameworks @loader_path/Frameworks";
				PRODUCT_BUNDLE_IDENTIFIER = "com.training.Table-Challenge-2UITests";
				PRODUCT_NAME = "$(TARGET_NAME)";
				TEST_TARGET_NAME = "Table Challenge 2";
				USES_XCTRUNNER = YES;
			};
			name = Release;
		};
/* End XCBuildConfiguration section */

/* Begin XCConfigurationList section */
		AAD2CE021CAA8305007D3C3F /* Build configuration list for PBXProject "Table Challenge 2" */ = {
			isa = XCConfigurationList;
			buildConfigurations = (
				AAD2CE271CAA8305007D3C3F /* Debug */,
				AAD2CE281CAA8305007D3C3F /* Release */,
			);
			defaultConfigurationIsVisible = 0;
			defaultConfigurationName = Release;
		};
		AAD2CE291CAA8305007D3C3F /* Build configuration list for PBXNativeTarget "Table Challenge 2" */ = {
			isa = XCConfigurationList;
			buildConfigurations = (
				AAD2CE2A1CAA8305007D3C3F /* Debug */,
				AAD2CE2B1CAA8305007D3C3F /* Release */,
			);
			defaultConfigurationIsVisible = 0;
		};
		AAD2CE2C1CAA8305007D3C3F /* Build configuration list for PBXNativeTarget "Table Challenge 2UITests" */ = {
			isa = XCConfigurationList;
			buildConfigurations = (
				AAD2CE2D1CAA8305007D3C3F /* Debug */,
				AAD2CE2E1CAA8305007D3C3F /* Release */,
			);
			defaultConfigurationIsVisible = 0;
		};
/* End XCConfigurationList section */
	};
	rootObject = AAD2CDFF1CAA8305007D3C3F /* Project object */;
}
