// !$*UTF8*$!
{
	archiveVersion = 1;
	classes = {
	};
	objectVersion = 46;
	objects = {

/* Begin PBXBuildFile section */
		AABACB981C8C52A8006C6EF9 /* main.c in Sources */ = {isa = PBXBuildFile; fileRef = AABACB971C8C52A8006C6EF9 /* main.c */; };
		AABACB9F1C8C580E006C6EF9 /* libreadline.tbd in Frameworks */ = {isa = PBXBuildFile; fileRef = AABACB9E1C8C580E006C6EF9 /* libreadline.tbd */; };
/* End PBXBuildFile section */

/* Begin PBXCopyFilesBuildPhase section */
		AABACB921C8C52A8006C6EF9 /* CopyFiles */ = {
			isa = PBXCopyFilesBuildPhase;
			buildActionMask = 2147483647;
			dstPath = /usr/share/man/man1/;
			dstSubfolderSpec = 0;
			files = (
			);
			runOnlyForDeploymentPostprocessing = 1;
		};
/* End PBXCopyFilesBuildPhase section */

/* Begin PBXFileReference section */
		AABACB941C8C52A8006C6EF9 /* Coolness */ = {isa = PBXFileReference; explicitFileType = "compiled.mach-o.executable"; includeInIndex = 0; path = Coolness; sourceTree = BUILT_PRODUCTS_DIR; };
		AABACB971C8C52A8006C6EF9 /* main.c */ = {isa = PBXFileReference; lastKnownFileType = sourcecode.c.c; path = main.c; sourceTree = "<group>"; };
		AABACB9E1C8C580E006C6EF9 /* libreadline.tbd */ = {isa = PBXFileReference; lastKnownFileType = "sourcecode.text-based-dylib-definition"; name = libreadline.tbd; path = usr/lib/libreadline.tbd; sourceTree = SDKROOT; };
/* End PBXFileReference section */

/* Begin PBXFrameworksBuildPhase section */
		AABACB911C8C52A8006C6EF9 /* Frameworks */ = {
			isa = PBXFrameworksBuildPhase;
			buildActionMask = 2147483647;
			files = (
				AABACB9F1C8C580E006C6EF9 /* libreadline.tbd in Frameworks */,
			);
			runOnlyForDeploymentPostprocessing = 0;
		};
/* End PBXFrameworksBuildPhase section */

/* Begin PBXGroup section */
		AABACB8B1C8C52A8006C6EF9 = {
			isa = PBXGroup;
			children = (
				AABACB9E1C8C580E006C6EF9 /* libreadline.tbd */,
				AABACB961C8C52A8006C6EF9 /* Coolness */,
				AABACB951C8C52A8006C6EF9 /* Products */,
			);
			sourceTree = "<group>";
		};
		AABACB951C8C52A8006C6EF9 /* Products */ = {
			isa = PBXGroup;
			children = (
				AABACB941C8C52A8006C6EF9 /* Coolness */,
			);
			name = Products;
			sourceTree = "<group>";
		};
		AABACB961C8C52A8006C6EF9 /* Coolness */ = {
			isa = PBXGroup;
			children = (
				AABACB971C8C52A8006C6EF9 /* main.c */,
			);
			path = Coolness;
			sourceTree = "<group>";
		};
/* End PBXGroup section */

/* Begin PBXNativeTarget section */
		AABACB931C8C52A8006C6EF9 /* Coolness */ = {
			isa = PBXNativeTarget;
			buildConfigurationList = AABACB9B1C8C52A8006C6EF9 /* Build configuration list for PBXNativeTarget "Coolness" */;
			buildPhases = (
				AABACB901C8C52A8006C6EF9 /* Sources */,
				AABACB911C8C52A8006C6EF9 /* Frameworks */,
				AABACB921C8C52A8006C6EF9 /* CopyFiles */,
			);
			buildRules = (
			);
			dependencies = (
			);
			name = Coolness;
			productName = Coolness;
			productReference = AABACB941C8C52A8006C6EF9 /* Coolness */;
			productType = "com.apple.product-type.tool";
		};
/* End PBXNativeTarget section */

/* Begin PBXProject section */
		AABACB8C1C8C52A8006C6EF9 /* Project object */ = {
			isa = PBXProject;
			attributes = {
				LastUpgradeCheck = 0720;
				ORGANIZATIONNAME = "Big Nerd Ranch";
				TargetAttributes = {
					AABACB931C8C52A8006C6EF9 = {
						CreatedOnToolsVersion = 7.2;
					};
				};
			};
			buildConfigurationList = AABACB8F1C8C52A8006C6EF9 /* Build configuration list for PBXProject "Coolness" */;
			compatibilityVersion = "Xcode 3.2";
			developmentRegion = English;
			hasScannedForEncodings = 0;
			knownRegions = (
				en,
			);
			mainGroup = AABACB8B1C8C52A8006C6EF9;
			productRefGroup = AABACB951C8C52A8006C6EF9 /* Products */;
			projectDirPath = "";
			projectRoot = "";
			targets = (
				AABACB931C8C52A8006C6EF9 /* Coolness */,
			);
		};
/* End PBXProject section */

/* Begin PBXSourcesBuildPhase section */
		AABACB901C8C52A8006C6EF9 /* Sources */ = {
			isa = PBXSourcesBuildPhase;
			buildActionMask = 2147483647;
			files = (
				AABACB981C8C52A8006C6EF9 /* main.c in Sources */,
			);
			runOnlyForDeploymentPostprocessing = 0;
		};
/* End PBXSourcesBuildPhase section */

/* Begin XCBuildConfiguration section */
		AABACB991C8C52A8006C6EF9 /* Debug */ = {
			isa = XCBuildConfiguration;
			buildSettings = {
				ALWAYS_SEARCH_USER_PATHS = NO;
				CLANG_CXX_LANGUAGE_STANDARD = "gnu++0x";
				CLANG_CXX_LIBRARY = "libc++";
				CLANG_ENABLE_MODULES = YES;
				CLANG_ENABLE_OBJC_ARC = YES;
				CLANG_WARN_BOOL_CONVERSION = YES;
				CLANG_WARN_CONSTANT_CONVERSION = YES;
				CLANG_WARN_DIRECT_OBJC_ISA_USAGE = YES_ERROR;
				CLANG_WARN_EMPTY_BODY = YES;
				CLANG_WARN_ENUM_CONVERSION = YES;
				CLANG_WARN_INT_CONVERSION = YES;
				CLANG_WARN_OBJC_ROOT_CLASS = YES_ERROR;
				CLANG_WARN_UNREACHABLE_CODE = YES;
				CLANG_WARN__DUPLICATE_METHOD_MATCH = YES;
				CODE_SIGN_IDENTITY = "-";
				COPY_PHASE_STRIP = NO;
				DEBUG_INFORMATION_FORMAT = dwarf;
				ENABLE_STRICT_OBJC_MSGSEND = YES;
				ENABLE_TESTABILITY = YES;
				GCC_C_LANGUAGE_STANDARD = gnu99;
				GCC_DYNAMIC_NO_PIC = NO;
				GCC_NO_COMMON_BLOCKS = YES;
				GCC_OPTIMIZATION_LEVEL = 0;
				GCC_PREPROCESSOR_DEFINITIONS = (
					"DEBUG=1",
					"$(inherited)",
				);
				GCC_WARN_64_TO_32_BIT_CONVERSION = YES;
				GCC_WARN_ABOUT_RETURN_TYPE = YES_ERROR;
				GCC_WARN_UNDECLARED_SELECTOR = YES;
				GCC_WARN_UNINITIALIZED_AUTOS = YES_AGGRESSIVE;
				GCC_WARN_UNUSED_FUNCTION = YES;
				GCC_WARN_UNUSED_VARIABLE = YES;
				MACOSX_DEPLOYMENT_TARGET = 10.11;
				MTL_ENABLE_DEBUG_INFO = YES;
				ONLY_ACTIVE_ARCH = YES;
				SDKROOT = macosx;
			};
			name = Debug;
		};
		AABACB9A1C8C52A8006C6EF9 /* Release */ = {
			isa = XCBuildConfiguration;
			buildSettings = {
				ALWAYS_SEARCH_USER_PATHS = NO;
				CLANG_CXX_LANGUAGE_STANDARD = "gnu++0x";
				CLANG_CXX_LIBRARY = "libc++";
				CLANG_ENABLE_MODULES = YES;
				CLANG_ENABLE_OBJC_ARC = YES;
				CLANG_WARN_BOOL_CONVERSION = YES;
				CLANG_WARN_CONSTANT_CONVERSION = YES;
				CLANG_WARN_DIRECT_OBJC_ISA_USAGE = YES_ERROR;
				CLANG_WARN_EMPTY_BODY = YES;
				CLANG_WARN_ENUM_CONVERSION = YES;
				CLANG_WARN_INT_CONVERSION = YES;
				CLANG_WARN_OBJC_ROOT_CLASS = YES_ERROR;
				CLANG_WARN_UNREACHABLE_CODE = YES;
				CLANG_WARN__DUPLICATE_METHOD_MATCH = YES;
				CODE_SIGN_IDENTITY = "-";
				COPY_PHASE_STRIP = NO;
				DEBUG_INFORMATION_FORMAT = "dwarf-with-dsym";
				ENABLE_NS_ASSERTIONS = NO;
				ENABLE_STRICT_OBJC_MSGSEND = YES;
				GCC_C_LANGUAGE_STANDARD = gnu99;
				GCC_NO_COMMON_BLOCKS = YES;
				GCC_WARN_64_TO_32_BIT_CONVERSION = YES;
				GCC_WARN_ABOUT_RETURN_TYPE = YES_ERROR;
				GCC_WARN_UNDECLARED_SELECTOR = YES;
				GCC_WARN_UNINITIALIZED_AUTOS = YES_AGGRESSIVE;
				GCC_WARN_UNUSED_FUNCTION = YES;
				GCC_WARN_UNUSED_VARIABLE = YES;
				MACOSX_DEPLOYMENT_TARGET = 10.11;
				MTL_ENABLE_DEBUG_INFO = NO;
				SDKROOT = macosx;
			};
			name = Release;
		};
		AABACB9C1C8C52A8006C6EF9 /* Debug */ = {
			isa = XCBuildConfiguration;
			buildSettings = {
				PRODUCT_NAME = "$(TARGET_NAME)";
			};
			name = Debug;
		};
		AABACB9D1C8C52A8006C6EF9 /* Release */ = {
			isa = XCBuildConfiguration;
			buildSettings = {
				PRODUCT_NAME = "$(TARGET_NAME)";
			};
			name = Release;
		};
/* End XCBuildConfiguration section */

/* Begin XCConfigurationList section */
		AABACB8F1C8C52A8006C6EF9 /* Build configuration list for PBXProject "Coolness" */ = {
			isa = XCConfigurationList;
			buildConfigurations = (
				AABACB991C8C52A8006C6EF9 /* Debug */,
				AABACB9A1C8C52A8006C6EF9 /* Release */,
			);
			defaultConfigurationIsVisible = 0;
			defaultConfigurationName = Release;
		};
		AABACB9B1C8C52A8006C6EF9 /* Build configuration list for PBXNativeTarget "Coolness" */ = {
			isa = XCConfigurationList;
			buildConfigurations = (
				AABACB9C1C8C52A8006C6EF9 /* Debug */,
				AABACB9D1C8C52A8006C6EF9 /* Release */,
			);
			defaultConfigurationIsVisible = 0;
		};
/* End XCConfigurationList section */
	};
	rootObject = AABACB8C1C8C52A8006C6EF9 /* Project object */;
}
