// !$*UTF8*$!
{
	archiveVersion = 1;
	classes = {
	};
	objectVersion = 46;
	objects = {

/* Begin PBXBuildFile section */
		AA742B741CA00EB600BFE37F /* main.m in Sources */ = {isa = PBXBuildFile; fileRef = AA742B731CA00EB600BFE37F /* main.m */; };
		AA742B771CA00EB600BFE37F /* AppDelegate.m in Sources */ = {isa = PBXBuildFile; fileRef = AA742B761CA00EB600BFE37F /* AppDelegate.m */; };
		AA742B7A1CA00EB600BFE37F /* ViewController.m in Sources */ = {isa = PBXBuildFile; fileRef = AA742B791CA00EB600BFE37F /* ViewController.m */; };
		AA742B7D1CA00EB600BFE37F /* Main.storyboard in Resources */ = {isa = PBXBuildFile; fileRef = AA742B7B1CA00EB600BFE37F /* Main.storyboard */; };
		AA742B7F1CA00EB600BFE37F /* Assets.xcassets in Resources */ = {isa = PBXBuildFile; fileRef = AA742B7E1CA00EB600BFE37F /* Assets.xcassets */; };
		AA742B821CA00EB600BFE37F /* LaunchScreen.storyboard in Resources */ = {isa = PBXBuildFile; fileRef = AA742B801CA00EB600BFE37F /* LaunchScreen.storyboard */; };
		AA742B8D1CA00EB600BFE37F /* Conversion_UtilityUITests.m in Sources */ = {isa = PBXBuildFile; fileRef = AA742B8C1CA00EB600BFE37F /* Conversion_UtilityUITests.m */; };
		AA742B991CA00F7800BFE37F /* MoneyViewController.m in Sources */ = {isa = PBXBuildFile; fileRef = AA742B981CA00F7800BFE37F /* MoneyViewController.m */; };
		AA742B9C1CA00F8D00BFE37F /* TempViewController.m in Sources */ = {isa = PBXBuildFile; fileRef = AA742B9B1CA00F8D00BFE37F /* TempViewController.m */; };
/* End PBXBuildFile section */

/* Begin PBXContainerItemProxy section */
		AA742B891CA00EB600BFE37F /* PBXContainerItemProxy */ = {
			isa = PBXContainerItemProxy;
			containerPortal = AA742B671CA00EB600BFE37F /* Project object */;
			proxyType = 1;
			remoteGlobalIDString = AA742B6E1CA00EB600BFE37F;
			remoteInfo = "Conversion Utility";
		};
/* End PBXContainerItemProxy section */

/* Begin PBXFileReference section */
		AA742B6F1CA00EB600BFE37F /* Conversion Utility.app */ = {isa = PBXFileReference; explicitFileType = wrapper.application; includeInIndex = 0; path = "Conversion Utility.app"; sourceTree = BUILT_PRODUCTS_DIR; };
		AA742B731CA00EB600BFE37F /* main.m */ = {isa = PBXFileReference; lastKnownFileType = sourcecode.c.objc; path = main.m; sourceTree = "<group>"; };
		AA742B751CA00EB600BFE37F /* AppDelegate.h */ = {isa = PBXFileReference; lastKnownFileType = sourcecode.c.h; path = AppDelegate.h; sourceTree = "<group>"; };
		AA742B761CA00EB600BFE37F /* AppDelegate.m */ = {isa = PBXFileReference; lastKnownFileType = sourcecode.c.objc; path = AppDelegate.m; sourceTree = "<group>"; };
		AA742B781CA00EB600BFE37F /* ViewController.h */ = {isa = PBXFileReference; lastKnownFileType = sourcecode.c.h; path = ViewController.h; sourceTree = "<group>"; };
		AA742B791CA00EB600BFE37F /* ViewController.m */ = {isa = PBXFileReference; lastKnownFileType = sourcecode.c.objc; path = ViewController.m; sourceTree = "<group>"; };
		AA742B7C1CA00EB600BFE37F /* Base */ = {isa = PBXFileReference; lastKnownFileType = file.storyboard; name = Base; path = Base.lproj/Main.storyboard; sourceTree = "<group>"; };
		AA742B7E1CA00EB600BFE37F /* Assets.xcassets */ = {isa = PBXFileReference; lastKnownFileType = folder.assetcatalog; path = Assets.xcassets; sourceTree = "<group>"; };
		AA742B811CA00EB600BFE37F /* Base */ = {isa = PBXFileReference; lastKnownFileType = file.storyboard; name = Base; path = Base.lproj/LaunchScreen.storyboard; sourceTree = "<group>"; };
		AA742B831CA00EB600BFE37F /* Info.plist */ = {isa = PBXFileReference; lastKnownFileType = text.plist.xml; path = Info.plist; sourceTree = "<group>"; };
		AA742B881CA00EB600BFE37F /* Conversion UtilityUITests.xctest */ = {isa = PBXFileReference; explicitFileType = wrapper.cfbundle; includeInIndex = 0; path = "Conversion UtilityUITests.xctest"; sourceTree = BUILT_PRODUCTS_DIR; };
		AA742B8C1CA00EB600BFE37F /* Conversion_UtilityUITests.m */ = {isa = PBXFileReference; lastKnownFileType = sourcecode.c.objc; path = Conversion_UtilityUITests.m; sourceTree = "<group>"; };
		AA742B8E1CA00EB600BFE37F /* Info.plist */ = {isa = PBXFileReference; lastKnownFileType = text.plist.xml; path = Info.plist; sourceTree = "<group>"; };
		AA742B971CA00F7800BFE37F /* MoneyViewController.h */ = {isa = PBXFileReference; fileEncoding = 4; lastKnownFileType = sourcecode.c.h; path = MoneyViewController.h; sourceTree = "<group>"; };
		AA742B981CA00F7800BFE37F /* MoneyViewController.m */ = {isa = PBXFileReference; fileEncoding = 4; lastKnownFileType = sourcecode.c.objc; path = MoneyViewController.m; sourceTree = "<group>"; };
		AA742B9A1CA00F8D00BFE37F /* TempViewController.h */ = {isa = PBXFileReference; fileEncoding = 4; lastKnownFileType = sourcecode.c.h; path = TempViewController.h; sourceTree = "<group>"; };
		AA742B9B1CA00F8D00BFE37F /* TempViewController.m */ = {isa = PBXFileReference; fileEncoding = 4; lastKnownFileType = sourcecode.c.objc; path = TempViewController.m; sourceTree = "<group>"; };
/* End PBXFileReference section */

/* Begin PBXFrameworksBuildPhase section */
		AA742B6C1CA00EB600BFE37F /* Frameworks */ = {
			isa = PBXFrameworksBuildPhase;
			buildActionMask = 2147483647;
			files = (
			);
			runOnlyForDeploymentPostprocessing = 0;
		};
		AA742B851CA00EB600BFE37F /* Frameworks */ = {
			isa = PBXFrameworksBuildPhase;
			buildActionMask = 2147483647;
			files = (
			);
			runOnlyForDeploymentPostprocessing = 0;
		};
/* End PBXFrameworksBuildPhase section */

/* Begin PBXGroup section */
		AA742B661CA00EB600BFE37F = {
			isa = PBXGroup;
			children = (
				AA742B711CA00EB600BFE37F /* Conversion Utility */,
				AA742B8B1CA00EB600BFE37F /* Conversion UtilityUITests */,
				AA742B701CA00EB600BFE37F /* Products */,
			);
			sourceTree = "<group>";
		};
		AA742B701CA00EB600BFE37F /* Products */ = {
			isa = PBXGroup;
			children = (
				AA742B6F1CA00EB600BFE37F /* Conversion Utility.app */,
				AA742B881CA00EB600BFE37F /* Conversion UtilityUITests.xctest */,
			);
			name = Products;
			sourceTree = "<group>";
		};
		AA742B711CA00EB600BFE37F /* Conversion Utility */ = {
			isa = PBXGroup;
			children = (
				AA742B751CA00EB600BFE37F /* AppDelegate.h */,
				AA742B761CA00EB600BFE37F /* AppDelegate.m */,
				AA742B781CA00EB600BFE37F /* ViewController.h */,
				AA742B791CA00EB600BFE37F /* ViewController.m */,
				AA742B7B1CA00EB600BFE37F /* Main.storyboard */,
				AA742B971CA00F7800BFE37F /* MoneyViewController.h */,
				AA742B981CA00F7800BFE37F /* MoneyViewController.m */,
				AA742B9A1CA00F8D00BFE37F /* TempViewController.h */,
				AA742B9B1CA00F8D00BFE37F /* TempViewController.m */,
				AA742B7E1CA00EB600BFE37F /* Assets.xcassets */,
				AA742B801CA00EB600BFE37F /* LaunchScreen.storyboard */,
				AA742B831CA00EB600BFE37F /* Info.plist */,
				AA742B721CA00EB600BFE37F /* Supporting Files */,
			);
			path = "Conversion Utility";
			sourceTree = "<group>";
		};
		AA742B721CA00EB600BFE37F /* Supporting Files */ = {
			isa = PBXGroup;
			children = (
				AA742B731CA00EB600BFE37F /* main.m */,
			);
			name = "Supporting Files";
			sourceTree = "<group>";
		};
		AA742B8B1CA00EB600BFE37F /* Conversion UtilityUITests */ = {
			isa = PBXGroup;
			children = (
				AA742B8C1CA00EB600BFE37F /* Conversion_UtilityUITests.m */,
				AA742B8E1CA00EB600BFE37F /* Info.plist */,
			);
			path = "Conversion UtilityUITests";
			sourceTree = "<group>";
		};
/* End PBXGroup section */

/* Begin PBXNativeTarget section */
		AA742B6E1CA00EB600BFE37F /* Conversion Utility */ = {
			isa = PBXNativeTarget;
			buildConfigurationList = AA742B911CA00EB600BFE37F /* Build configuration list for PBXNativeTarget "Conversion Utility" */;
			buildPhases = (
				AA742B6B1CA00EB600BFE37F /* Sources */,
				AA742B6C1CA00EB600BFE37F /* Frameworks */,
				AA742B6D1CA00EB600BFE37F /* Resources */,
			);
			buildRules = (
			);
			dependencies = (
			);
			name = "Conversion Utility";
			productName = "Conversion Utility";
			productReference = AA742B6F1CA00EB600BFE37F /* Conversion Utility.app */;
			productType = "com.apple.product-type.application";
		};
		AA742B871CA00EB600BFE37F /* Conversion UtilityUITests */ = {
			isa = PBXNativeTarget;
			buildConfigurationList = AA742B941CA00EB600BFE37F /* Build configuration list for PBXNativeTarget "Conversion UtilityUITests" */;
			buildPhases = (
				AA742B841CA00EB600BFE37F /* Sources */,
				AA742B851CA00EB600BFE37F /* Frameworks */,
				AA742B861CA00EB600BFE37F /* Resources */,
			);
			buildRules = (
			);
			dependencies = (
				AA742B8A1CA00EB600BFE37F /* PBXTargetDependency */,
			);
			name = "Conversion UtilityUITests";
			productName = "Conversion UtilityUITests";
			productReference = AA742B881CA00EB600BFE37F /* Conversion UtilityUITests.xctest */;
			productType = "com.apple.product-type.bundle.ui-testing";
		};
/* End PBXNativeTarget section */

/* Begin PBXProject section */
		AA742B671CA00EB600BFE37F /* Project object */ = {
			isa = PBXProject;
			attributes = {
				LastUpgradeCheck = 0720;
				ORGANIZATIONNAME = Training;
				TargetAttributes = {
					AA742B6E1CA00EB600BFE37F = {
						CreatedOnToolsVersion = 7.2;
					};
					AA742B871CA00EB600BFE37F = {
						CreatedOnToolsVersion = 7.2;
						TestTargetID = AA742B6E1CA00EB600BFE37F;
					};
				};
			};
			buildConfigurationList = AA742B6A1CA00EB600BFE37F /* Build configuration list for PBXProject "Conversion Utility" */;
			compatibilityVersion = "Xcode 3.2";
			developmentRegion = English;
			hasScannedForEncodings = 0;
			knownRegions = (
				en,
				Base,
			);
			mainGroup = AA742B661CA00EB600BFE37F;
			productRefGroup = AA742B701CA00EB600BFE37F /* Products */;
			projectDirPath = "";
			projectRoot = "";
			targets = (
				AA742B6E1CA00EB600BFE37F /* Conversion Utility */,
				AA742B871CA00EB600BFE37F /* Conversion UtilityUITests */,
			);
		};
/* End PBXProject section */

/* Begin PBXResourcesBuildPhase section */
		AA742B6D1CA00EB600BFE37F /* Resources */ = {
			isa = PBXResourcesBuildPhase;
			buildActionMask = 2147483647;
			files = (
				AA742B821CA00EB600BFE37F /* LaunchScreen.storyboard in Resources */,
				AA742B7F1CA00EB600BFE37F /* Assets.xcassets in Resources */,
				AA742B7D1CA00EB600BFE37F /* Main.storyboard in Resources */,
			);
			runOnlyForDeploymentPostprocessing = 0;
		};
		AA742B861CA00EB600BFE37F /* Resources */ = {
			isa = PBXResourcesBuildPhase;
			buildActionMask = 2147483647;
			files = (
			);
			runOnlyForDeploymentPostprocessing = 0;
		};
/* End PBXResourcesBuildPhase section */

/* Begin PBXSourcesBuildPhase section */
		AA742B6B1CA00EB600BFE37F /* Sources */ = {
			isa = PBXSourcesBuildPhase;
			buildActionMask = 2147483647;
			files = (
				AA742B7A1CA00EB600BFE37F /* ViewController.m in Sources */,
				AA742B9C1CA00F8D00BFE37F /* TempViewController.m in Sources */,
				AA742B771CA00EB600BFE37F /* AppDelegate.m in Sources */,
				AA742B741CA00EB600BFE37F /* main.m in Sources */,
				AA742B991CA00F7800BFE37F /* MoneyViewController.m in Sources */,
			);
			runOnlyForDeploymentPostprocessing = 0;
		};
		AA742B841CA00EB600BFE37F /* Sources */ = {
			isa = PBXSourcesBuildPhase;
			buildActionMask = 2147483647;
			files = (
				AA742B8D1CA00EB600BFE37F /* Conversion_UtilityUITests.m in Sources */,
			);
			runOnlyForDeploymentPostprocessing = 0;
		};
/* End PBXSourcesBuildPhase section */

/* Begin PBXTargetDependency section */
		AA742B8A1CA00EB600BFE37F /* PBXTargetDependency */ = {
			isa = PBXTargetDependency;
			target = AA742B6E1CA00EB600BFE37F /* Conversion Utility */;
			targetProxy = AA742B891CA00EB600BFE37F /* PBXContainerItemProxy */;
		};
/* End PBXTargetDependency section */

/* Begin PBXVariantGroup section */
		AA742B7B1CA00EB600BFE37F /* Main.storyboard */ = {
			isa = PBXVariantGroup;
			children = (
				AA742B7C1CA00EB600BFE37F /* Base */,
			);
			name = Main.storyboard;
			sourceTree = "<group>";
		};
		AA742B801CA00EB600BFE37F /* LaunchScreen.storyboard */ = {
			isa = PBXVariantGroup;
			children = (
				AA742B811CA00EB600BFE37F /* Base */,
			);
			name = LaunchScreen.storyboard;
			sourceTree = "<group>";
		};
/* End PBXVariantGroup section */

/* Begin XCBuildConfiguration section */
		AA742B8F1CA00EB600BFE37F /* Debug */ = {
			isa = XCBuildConfiguration;
			buildSettings = {
				ALWAYS_SEARCH_USER_PATHS = NO;
				CLANG_CXX_LANGUAGE_STANDARD = "gnu++0x";
				CLANG_CXX_LIBRARY = "libc++";
				CLANG_ENABLE_MODULES = YES;
				CLANG_ENABLE_OBJC_ARC = YES;
				CLANG_WARN_BOOL_CONVERSION = YES;
				CLANG_WARN_CONSTANT_CONVERSION = YES;
				CLANG_WARN_DIRECT_OBJC_ISA_USAGE = YES_ERROR;
				CLANG_WARN_EMPTY_BODY = YES;
				CLANG_WARN_ENUM_CONVERSION = YES;
				CLANG_WARN_INT_CONVERSION = YES;
				CLANG_WARN_OBJC_ROOT_CLASS = YES_ERROR;
				CLANG_WARN_UNREACHABLE_CODE = YES;
				CLANG_WARN__DUPLICATE_METHOD_MATCH = YES;
				"CODE_SIGN_IDENTITY[sdk=iphoneos*]" = "iPhone Developer";
				COPY_PHASE_STRIP = NO;
				DEBUG_INFORMATION_FORMAT = dwarf;
				ENABLE_STRICT_OBJC_MSGSEND = YES;
				ENABLE_TESTABILITY = YES;
				GCC_C_LANGUAGE_STANDARD = gnu99;
				GCC_DYNAMIC_NO_PIC = NO;
				GCC_NO_COMMON_BLOCKS = YES;
				GCC_OPTIMIZATION_LEVEL = 0;
				GCC_PREPROCESSOR_DEFINITIONS = (
					"DEBUG=1",
					"$(inherited)",
				);
				GCC_WARN_64_TO_32_BIT_CONVERSION = YES;
				GCC_WARN_ABOUT_RETURN_TYPE = YES_ERROR;
				GCC_WARN_UNDECLARED_SELECTOR = YES;
				GCC_WARN_UNINITIALIZED_AUTOS = YES_AGGRESSIVE;
				GCC_WARN_UNUSED_FUNCTION = YES;
				GCC_WARN_UNUSED_VARIABLE = YES;
				IPHONEOS_DEPLOYMENT_TARGET = 9.2;
				MTL_ENABLE_DEBUG_INFO = YES;
				ONLY_ACTIVE_ARCH = YES;
				SDKROOT = iphoneos;
			};
			name = Debug;
		};
		AA742B901CA00EB600BFE37F /* Release */ = {
			isa = XCBuildConfiguration;
			buildSettings = {
				ALWAYS_SEARCH_USER_PATHS = NO;
				CLANG_CXX_LANGUAGE_STANDARD = "gnu++0x";
				CLANG_CXX_LIBRARY = "libc++";
				CLANG_ENABLE_MODULES = YES;
				CLANG_ENABLE_OBJC_ARC = YES;
				CLANG_WARN_BOOL_CONVERSION = YES;
				CLANG_WARN_CONSTANT_CONVERSION = YES;
				CLANG_WARN_DIRECT_OBJC_ISA_USAGE = YES_ERROR;
				CLANG_WARN_EMPTY_BODY = YES;
				CLANG_WARN_ENUM_CONVERSION = YES;
				CLANG_WARN_INT_CONVERSION = YES;
				CLANG_WARN_OBJC_ROOT_CLASS = YES_ERROR;
				CLANG_WARN_UNREACHABLE_CODE = YES;
				CLANG_WARN__DUPLICATE_METHOD_MATCH = YES;
				"CODE_SIGN_IDENTITY[sdk=iphoneos*]" = "iPhone Developer";
				COPY_PHASE_STRIP = NO;
				DEBUG_INFORMATION_FORMAT = "dwarf-with-dsym";
				ENABLE_NS_ASSERTIONS = NO;
				ENABLE_STRICT_OBJC_MSGSEND = YES;
				GCC_C_LANGUAGE_STANDARD = gnu99;
				GCC_NO_COMMON_BLOCKS = YES;
				GCC_WARN_64_TO_32_BIT_CONVERSION = YES;
				GCC_WARN_ABOUT_RETURN_TYPE = YES_ERROR;
				GCC_WARN_UNDECLARED_SELECTOR = YES;
				GCC_WARN_UNINITIALIZED_AUTOS = YES_AGGRESSIVE;
				GCC_WARN_UNUSED_FUNCTION = YES;
				GCC_WARN_UNUSED_VARIABLE = YES;
				IPHONEOS_DEPLOYMENT_TARGET = 9.2;
				MTL_ENABLE_DEBUG_INFO = NO;
				SDKROOT = iphoneos;
				VALIDATE_PRODUCT = YES;
			};
			name = Release;
		};
		AA742B921CA00EB600BFE37F /* Debug */ = {
			isa = XCBuildConfiguration;
			buildSettings = {
				ASSETCATALOG_COMPILER_APPICON_NAME = AppIcon;
				INFOPLIST_FILE = "Conversion Utility/Info.plist";
				LD_RUNPATH_SEARCH_PATHS = "$(inherited) @executable_path/Frameworks";
				PRODUCT_BUNDLE_IDENTIFIER = "com.training.Conversion-Utility";
				PRODUCT_NAME = "$(TARGET_NAME)";
			};
			name = Debug;
		};
		AA742B931CA00EB600BFE37F /* Release */ = {
			isa = XCBuildConfiguration;
			buildSettings = {
				ASSETCATALOG_COMPILER_APPICON_NAME = AppIcon;
				INFOPLIST_FILE = "Conversion Utility/Info.plist";
				LD_RUNPATH_SEARCH_PATHS = "$(inherited) @executable_path/Frameworks";
				PRODUCT_BUNDLE_IDENTIFIER = "com.training.Conversion-Utility";
				PRODUCT_NAME = "$(TARGET_NAME)";
			};
			name = Release;
		};
		AA742B951CA00EB600BFE37F /* Debug */ = {
			isa = XCBuildConfiguration;
			buildSettings = {
				INFOPLIST_FILE = "Conversion UtilityUITests/Info.plist";
				LD_RUNPATH_SEARCH_PATHS = "$(inherited) @executable_path/Frameworks @loader_path/Frameworks";
				PRODUCT_BUNDLE_IDENTIFIER = "com.training.Conversion-UtilityUITests";
				PRODUCT_NAME = "$(TARGET_NAME)";
				TEST_TARGET_NAME = "Conversion Utility";
				USES_XCTRUNNER = YES;
			};
			name = Debug;
		};
		AA742B961CA00EB600BFE37F /* Release */ = {
			isa = XCBuildConfiguration;
			buildSettings = {
				INFOPLIST_FILE = "Conversion UtilityUITests/Info.plist";
				LD_RUNPATH_SEARCH_PATHS = "$(inherited) @executable_path/Frameworks @loader_path/Frameworks";
				PRODUCT_BUNDLE_IDENTIFIER = "com.training.Conversion-UtilityUITests";
				PRODUCT_NAME = "$(TARGET_NAME)";
				TEST_TARGET_NAME = "Conversion Utility";
				USES_XCTRUNNER = YES;
			};
			name = Release;
		};
/* End XCBuildConfiguration section */

/* Begin XCConfigurationList section */
		AA742B6A1CA00EB600BFE37F /* Build configuration list for PBXProject "Conversion Utility" */ = {
			isa = XCConfigurationList;
			buildConfigurations = (
				AA742B8F1CA00EB600BFE37F /* Debug */,
				AA742B901CA00EB600BFE37F /* Release */,
			);
			defaultConfigurationIsVisible = 0;
			defaultConfigurationName = Release;
		};
		AA742B911CA00EB600BFE37F /* Build configuration list for PBXNativeTarget "Conversion Utility" */ = {
			isa = XCConfigurationList;
			buildConfigurations = (
				AA742B921CA00EB600BFE37F /* Debug */,
				AA742B931CA00EB600BFE37F /* Release */,
			);
			defaultConfigurationIsVisible = 0;
		};
		AA742B941CA00EB600BFE37F /* Build configuration list for PBXNativeTarget "Conversion UtilityUITests" */ = {
			isa = XCConfigurationList;
			buildConfigurations = (
				AA742B951CA00EB600BFE37F /* Debug */,
				AA742B961CA00EB600BFE37F /* Release */,
			);
			defaultConfigurationIsVisible = 0;
		};
/* End XCConfigurationList section */
	};
	rootObject = AA742B671CA00EB600BFE37F /* Project object */;
}
