// !$*UTF8*$!
{
	archiveVersion = 1;
	classes = {
	};
	objectVersion = 46;
	objects = {

/* Begin PBXBuildFile section */
		AAD2D14C1CB4342F007D3C3F /* main.m in Sources */ = {isa = PBXBuildFile; fileRef = AAD2D14B1CB4342F007D3C3F /* main.m */; };
		AAD2D14F1CB4342F007D3C3F /* AppDelegate.m in Sources */ = {isa = PBXBuildFile; fileRef = AAD2D14E1CB4342F007D3C3F /* AppDelegate.m */; };
		AAD2D1521CB4342F007D3C3F /* ViewController.m in Sources */ = {isa = PBXBuildFile; fileRef = AAD2D1511CB4342F007D3C3F /* ViewController.m */; };
		AAD2D1551CB4342F007D3C3F /* Main.storyboard in Resources */ = {isa = PBXBuildFile; fileRef = AAD2D1531CB4342F007D3C3F /* Main.storyboard */; };
		AAD2D1571CB4342F007D3C3F /* Assets.xcassets in Resources */ = {isa = PBXBuildFile; fileRef = AAD2D1561CB4342F007D3C3F /* Assets.xcassets */; };
		AAD2D15A1CB4342F007D3C3F /* LaunchScreen.storyboard in Resources */ = {isa = PBXBuildFile; fileRef = AAD2D1581CB4342F007D3C3F /* LaunchScreen.storyboard */; };
		AAD2D1651CB4342F007D3C3F /* Media_ExampleUITests.m in Sources */ = {isa = PBXBuildFile; fileRef = AAD2D1641CB4342F007D3C3F /* Media_ExampleUITests.m */; };
		AAD2D1731CB435A1007D3C3F /* mypdf.pdf in Resources */ = {isa = PBXBuildFile; fileRef = AAD2D16F1CB435A1007D3C3F /* mypdf.pdf */; };
		AAD2D1741CB435A1007D3C3F /* mykeynote.ppt in Resources */ = {isa = PBXBuildFile; fileRef = AAD2D1701CB435A1007D3C3F /* mykeynote.ppt */; };
		AAD2D1751CB435A1007D3C3F /* excel.xlsx in Resources */ = {isa = PBXBuildFile; fileRef = AAD2D1711CB435A1007D3C3F /* excel.xlsx */; };
		AAD2D1761CB435A1007D3C3F /* movie.m4v in Resources */ = {isa = PBXBuildFile; fileRef = AAD2D1721CB435A1007D3C3F /* movie.m4v */; };
/* End PBXBuildFile section */

/* Begin PBXContainerItemProxy section */
		AAD2D1611CB4342F007D3C3F /* PBXContainerItemProxy */ = {
			isa = PBXContainerItemProxy;
			containerPortal = AAD2D13F1CB4342F007D3C3F /* Project object */;
			proxyType = 1;
			remoteGlobalIDString = AAD2D1461CB4342F007D3C3F;
			remoteInfo = "Media Example";
		};
/* End PBXContainerItemProxy section */

/* Begin PBXFileReference section */
		AAD2D1471CB4342F007D3C3F /* Media Example.app */ = {isa = PBXFileReference; explicitFileType = wrapper.application; includeInIndex = 0; path = "Media Example.app"; sourceTree = BUILT_PRODUCTS_DIR; };
		AAD2D14B1CB4342F007D3C3F /* main.m */ = {isa = PBXFileReference; lastKnownFileType = sourcecode.c.objc; path = main.m; sourceTree = "<group>"; };
		AAD2D14D1CB4342F007D3C3F /* AppDelegate.h */ = {isa = PBXFileReference; lastKnownFileType = sourcecode.c.h; path = AppDelegate.h; sourceTree = "<group>"; };
		AAD2D14E1CB4342F007D3C3F /* AppDelegate.m */ = {isa = PBXFileReference; lastKnownFileType = sourcecode.c.objc; path = AppDelegate.m; sourceTree = "<group>"; };
		AAD2D1501CB4342F007D3C3F /* ViewController.h */ = {isa = PBXFileReference; lastKnownFileType = sourcecode.c.h; path = ViewController.h; sourceTree = "<group>"; };
		AAD2D1511CB4342F007D3C3F /* ViewController.m */ = {isa = PBXFileReference; lastKnownFileType = sourcecode.c.objc; path = ViewController.m; sourceTree = "<group>"; };
		AAD2D1541CB4342F007D3C3F /* Base */ = {isa = PBXFileReference; lastKnownFileType = file.storyboard; name = Base; path = Base.lproj/Main.storyboard; sourceTree = "<group>"; };
		AAD2D1561CB4342F007D3C3F /* Assets.xcassets */ = {isa = PBXFileReference; lastKnownFileType = folder.assetcatalog; path = Assets.xcassets; sourceTree = "<group>"; };
		AAD2D1591CB4342F007D3C3F /* Base */ = {isa = PBXFileReference; lastKnownFileType = file.storyboard; name = Base; path = Base.lproj/LaunchScreen.storyboard; sourceTree = "<group>"; };
		AAD2D15B1CB4342F007D3C3F /* Info.plist */ = {isa = PBXFileReference; lastKnownFileType = text.plist.xml; path = Info.plist; sourceTree = "<group>"; };
		AAD2D1601CB4342F007D3C3F /* Media ExampleUITests.xctest */ = {isa = PBXFileReference; explicitFileType = wrapper.cfbundle; includeInIndex = 0; path = "Media ExampleUITests.xctest"; sourceTree = BUILT_PRODUCTS_DIR; };
		AAD2D1641CB4342F007D3C3F /* Media_ExampleUITests.m */ = {isa = PBXFileReference; lastKnownFileType = sourcecode.c.objc; path = Media_ExampleUITests.m; sourceTree = "<group>"; };
		AAD2D1661CB4342F007D3C3F /* Info.plist */ = {isa = PBXFileReference; lastKnownFileType = text.plist.xml; path = Info.plist; sourceTree = "<group>"; };
		AAD2D16F1CB435A1007D3C3F /* mypdf.pdf */ = {isa = PBXFileReference; lastKnownFileType = image.pdf; path = mypdf.pdf; sourceTree = "<group>"; };
		AAD2D1701CB435A1007D3C3F /* mykeynote.ppt */ = {isa = PBXFileReference; lastKnownFileType = file; path = mykeynote.ppt; sourceTree = "<group>"; };
		AAD2D1711CB435A1007D3C3F /* excel.xlsx */ = {isa = PBXFileReference; lastKnownFileType = file; path = excel.xlsx; sourceTree = "<group>"; };
		AAD2D1721CB435A1007D3C3F /* movie.m4v */ = {isa = PBXFileReference; lastKnownFileType = file; path = movie.m4v; sourceTree = "<group>"; };
/* End PBXFileReference section */

/* Begin PBXFrameworksBuildPhase section */
		AAD2D1441CB4342F007D3C3F /* Frameworks */ = {
			isa = PBXFrameworksBuildPhase;
			buildActionMask = 2147483647;
			files = (
			);
			runOnlyForDeploymentPostprocessing = 0;
		};
		AAD2D15D1CB4342F007D3C3F /* Frameworks */ = {
			isa = PBXFrameworksBuildPhase;
			buildActionMask = 2147483647;
			files = (
			);
			runOnlyForDeploymentPostprocessing = 0;
		};
/* End PBXFrameworksBuildPhase section */

/* Begin PBXGroup section */
		AAD2D13E1CB4342F007D3C3F = {
			isa = PBXGroup;
			children = (
				AAD2D1491CB4342F007D3C3F /* Media Example */,
				AAD2D1631CB4342F007D3C3F /* Media ExampleUITests */,
				AAD2D1481CB4342F007D3C3F /* Products */,
			);
			sourceTree = "<group>";
		};
		AAD2D1481CB4342F007D3C3F /* Products */ = {
			isa = PBXGroup;
			children = (
				AAD2D1471CB4342F007D3C3F /* Media Example.app */,
				AAD2D1601CB4342F007D3C3F /* Media ExampleUITests.xctest */,
			);
			name = Products;
			sourceTree = "<group>";
		};
		AAD2D1491CB4342F007D3C3F /* Media Example */ = {
			isa = PBXGroup;
			children = (
				AAD2D14D1CB4342F007D3C3F /* AppDelegate.h */,
				AAD2D14E1CB4342F007D3C3F /* AppDelegate.m */,
				AAD2D1501CB4342F007D3C3F /* ViewController.h */,
				AAD2D1511CB4342F007D3C3F /* ViewController.m */,
				AAD2D1531CB4342F007D3C3F /* Main.storyboard */,
				AAD2D1561CB4342F007D3C3F /* Assets.xcassets */,
				AAD2D1581CB4342F007D3C3F /* LaunchScreen.storyboard */,
				AAD2D15B1CB4342F007D3C3F /* Info.plist */,
				AAD2D16F1CB435A1007D3C3F /* mypdf.pdf */,
				AAD2D1701CB435A1007D3C3F /* mykeynote.ppt */,
				AAD2D1711CB435A1007D3C3F /* excel.xlsx */,
				AAD2D1721CB435A1007D3C3F /* movie.m4v */,
				AAD2D14A1CB4342F007D3C3F /* Supporting Files */,
			);
			path = "Media Example";
			sourceTree = "<group>";
		};
		AAD2D14A1CB4342F007D3C3F /* Supporting Files */ = {
			isa = PBXGroup;
			children = (
				AAD2D14B1CB4342F007D3C3F /* main.m */,
			);
			name = "Supporting Files";
			sourceTree = "<group>";
		};
		AAD2D1631CB4342F007D3C3F /* Media ExampleUITests */ = {
			isa = PBXGroup;
			children = (
				AAD2D1641CB4342F007D3C3F /* Media_ExampleUITests.m */,
				AAD2D1661CB4342F007D3C3F /* Info.plist */,
			);
			path = "Media ExampleUITests";
			sourceTree = "<group>";
		};
/* End PBXGroup section */

/* Begin PBXNativeTarget section */
		AAD2D1461CB4342F007D3C3F /* Media Example */ = {
			isa = PBXNativeTarget;
			buildConfigurationList = AAD2D1691CB4342F007D3C3F /* Build configuration list for PBXNativeTarget "Media Example" */;
			buildPhases = (
				AAD2D1431CB4342F007D3C3F /* Sources */,
				AAD2D1441CB4342F007D3C3F /* Frameworks */,
				AAD2D1451CB4342F007D3C3F /* Resources */,
			);
			buildRules = (
			);
			dependencies = (
			);
			name = "Media Example";
			productName = "Media Example";
			productReference = AAD2D1471CB4342F007D3C3F /* Media Example.app */;
			productType = "com.apple.product-type.application";
		};
		AAD2D15F1CB4342F007D3C3F /* Media ExampleUITests */ = {
			isa = PBXNativeTarget;
			buildConfigurationList = AAD2D16C1CB4342F007D3C3F /* Build configuration list for PBXNativeTarget "Media ExampleUITests" */;
			buildPhases = (
				AAD2D15C1CB4342F007D3C3F /* Sources */,
				AAD2D15D1CB4342F007D3C3F /* Frameworks */,
				AAD2D15E1CB4342F007D3C3F /* Resources */,
			);
			buildRules = (
			);
			dependencies = (
				AAD2D1621CB4342F007D3C3F /* PBXTargetDependency */,
			);
			name = "Media ExampleUITests";
			productName = "Media ExampleUITests";
			productReference = AAD2D1601CB4342F007D3C3F /* Media ExampleUITests.xctest */;
			productType = "com.apple.product-type.bundle.ui-testing";
		};
/* End PBXNativeTarget section */

/* Begin PBXProject section */
		AAD2D13F1CB4342F007D3C3F /* Project object */ = {
			isa = PBXProject;
			attributes = {
				LastUpgradeCheck = 0720;
				ORGANIZATIONNAME = Training;
				TargetAttributes = {
					AAD2D1461CB4342F007D3C3F = {
						CreatedOnToolsVersion = 7.2;
					};
					AAD2D15F1CB4342F007D3C3F = {
						CreatedOnToolsVersion = 7.2;
						TestTargetID = AAD2D1461CB4342F007D3C3F;
					};
				};
			};
			buildConfigurationList = AAD2D1421CB4342F007D3C3F /* Build configuration list for PBXProject "Media Example" */;
			compatibilityVersion = "Xcode 3.2";
			developmentRegion = English;
			hasScannedForEncodings = 0;
			knownRegions = (
				en,
				Base,
			);
			mainGroup = AAD2D13E1CB4342F007D3C3F;
			productRefGroup = AAD2D1481CB4342F007D3C3F /* Products */;
			projectDirPath = "";
			projectRoot = "";
			targets = (
				AAD2D1461CB4342F007D3C3F /* Media Example */,
				AAD2D15F1CB4342F007D3C3F /* Media ExampleUITests */,
			);
		};
/* End PBXProject section */

/* Begin PBXResourcesBuildPhase section */
		AAD2D1451CB4342F007D3C3F /* Resources */ = {
			isa = PBXResourcesBuildPhase;
			buildActionMask = 2147483647;
			files = (
				AAD2D1761CB435A1007D3C3F /* movie.m4v in Resources */,
				AAD2D1741CB435A1007D3C3F /* mykeynote.ppt in Resources */,
				AAD2D15A1CB4342F007D3C3F /* LaunchScreen.storyboard in Resources */,
				AAD2D1731CB435A1007D3C3F /* mypdf.pdf in Resources */,
				AAD2D1571CB4342F007D3C3F /* Assets.xcassets in Resources */,
				AAD2D1751CB435A1007D3C3F /* excel.xlsx in Resources */,
				AAD2D1551CB4342F007D3C3F /* Main.storyboard in Resources */,
			);
			runOnlyForDeploymentPostprocessing = 0;
		};
		AAD2D15E1CB4342F007D3C3F /* Resources */ = {
			isa = PBXResourcesBuildPhase;
			buildActionMask = 2147483647;
			files = (
			);
			runOnlyForDeploymentPostprocessing = 0;
		};
/* End PBXResourcesBuildPhase section */

/* Begin PBXSourcesBuildPhase section */
		AAD2D1431CB4342F007D3C3F /* Sources */ = {
			isa = PBXSourcesBuildPhase;
			buildActionMask = 2147483647;
			files = (
				AAD2D1521CB4342F007D3C3F /* ViewController.m in Sources */,
				AAD2D14F1CB4342F007D3C3F /* AppDelegate.m in Sources */,
				AAD2D14C1CB4342F007D3C3F /* main.m in Sources */,
			);
			runOnlyForDeploymentPostprocessing = 0;
		};
		AAD2D15C1CB4342F007D3C3F /* Sources */ = {
			isa = PBXSourcesBuildPhase;
			buildActionMask = 2147483647;
			files = (
				AAD2D1651CB4342F007D3C3F /* Media_ExampleUITests.m in Sources */,
			);
			runOnlyForDeploymentPostprocessing = 0;
		};
/* End PBXSourcesBuildPhase section */

/* Begin PBXTargetDependency section */
		AAD2D1621CB4342F007D3C3F /* PBXTargetDependency */ = {
			isa = PBXTargetDependency;
			target = AAD2D1461CB4342F007D3C3F /* Media Example */;
			targetProxy = AAD2D1611CB4342F007D3C3F /* PBXContainerItemProxy */;
		};
/* End PBXTargetDependency section */

/* Begin PBXVariantGroup section */
		AAD2D1531CB4342F007D3C3F /* Main.storyboard */ = {
			isa = PBXVariantGroup;
			children = (
				AAD2D1541CB4342F007D3C3F /* Base */,
			);
			name = Main.storyboard;
			sourceTree = "<group>";
		};
		AAD2D1581CB4342F007D3C3F /* LaunchScreen.storyboard */ = {
			isa = PBXVariantGroup;
			children = (
				AAD2D1591CB4342F007D3C3F /* Base */,
			);
			name = LaunchScreen.storyboard;
			sourceTree = "<group>";
		};
/* End PBXVariantGroup section */

/* Begin XCBuildConfiguration section */
		AAD2D1671CB4342F007D3C3F /* Debug */ = {
			isa = XCBuildConfiguration;
			buildSettings = {
				ALWAYS_SEARCH_USER_PATHS = NO;
				CLANG_CXX_LANGUAGE_STANDARD = "gnu++0x";
				CLANG_CXX_LIBRARY = "libc++";
				CLANG_ENABLE_MODULES = YES;
				CLANG_ENABLE_OBJC_ARC = YES;
				CLANG_WARN_BOOL_CONVERSION = YES;
				CLANG_WARN_CONSTANT_CONVERSION = YES;
				CLANG_WARN_DIRECT_OBJC_ISA_USAGE = YES_ERROR;
				CLANG_WARN_EMPTY_BODY = YES;
				CLANG_WARN_ENUM_CONVERSION = YES;
				CLANG_WARN_INT_CONVERSION = YES;
				CLANG_WARN_OBJC_ROOT_CLASS = YES_ERROR;
				CLANG_WARN_UNREACHABLE_CODE = YES;
				CLANG_WARN__DUPLICATE_METHOD_MATCH = YES;
				"CODE_SIGN_IDENTITY[sdk=iphoneos*]" = "iPhone Developer";
				COPY_PHASE_STRIP = NO;
				DEBUG_INFORMATION_FORMAT = dwarf;
				ENABLE_STRICT_OBJC_MSGSEND = YES;
				ENABLE_TESTABILITY = YES;
				GCC_C_LANGUAGE_STANDARD = gnu99;
				GCC_DYNAMIC_NO_PIC = NO;
				GCC_NO_COMMON_BLOCKS = YES;
				GCC_OPTIMIZATION_LEVEL = 0;
				GCC_PREPROCESSOR_DEFINITIONS = (
					"DEBUG=1",
					"$(inherited)",
				);
				GCC_WARN_64_TO_32_BIT_CONVERSION = YES;
				GCC_WARN_ABOUT_RETURN_TYPE = YES_ERROR;
				GCC_WARN_UNDECLARED_SELECTOR = YES;
				GCC_WARN_UNINITIALIZED_AUTOS = YES_AGGRESSIVE;
				GCC_WARN_UNUSED_FUNCTION = YES;
				GCC_WARN_UNUSED_VARIABLE = YES;
				IPHONEOS_DEPLOYMENT_TARGET = 9.2;
				MTL_ENABLE_DEBUG_INFO = YES;
				ONLY_ACTIVE_ARCH = YES;
				SDKROOT = iphoneos;
				TARGETED_DEVICE_FAMILY = 2;
			};
			name = Debug;
		};
		AAD2D1681CB4342F007D3C3F /* Release */ = {
			isa = XCBuildConfiguration;
			buildSettings = {
				ALWAYS_SEARCH_USER_PATHS = NO;
				CLANG_CXX_LANGUAGE_STANDARD = "gnu++0x";
				CLANG_CXX_LIBRARY = "libc++";
				CLANG_ENABLE_MODULES = YES;
				CLANG_ENABLE_OBJC_ARC = YES;
				CLANG_WARN_BOOL_CONVERSION = YES;
				CLANG_WARN_CONSTANT_CONVERSION = YES;
				CLANG_WARN_DIRECT_OBJC_ISA_USAGE = YES_ERROR;
				CLANG_WARN_EMPTY_BODY = YES;
				CLANG_WARN_ENUM_CONVERSION = YES;
				CLANG_WARN_INT_CONVERSION = YES;
				CLANG_WARN_OBJC_ROOT_CLASS = YES_ERROR;
				CLANG_WARN_UNREACHABLE_CODE = YES;
				CLANG_WARN__DUPLICATE_METHOD_MATCH = YES;
				"CODE_SIGN_IDENTITY[sdk=iphoneos*]" = "iPhone Developer";
				COPY_PHASE_STRIP = NO;
				DEBUG_INFORMATION_FORMAT = "dwarf-with-dsym";
				ENABLE_NS_ASSERTIONS = NO;
				ENABLE_STRICT_OBJC_MSGSEND = YES;
				GCC_C_LANGUAGE_STANDARD = gnu99;
				GCC_NO_COMMON_BLOCKS = YES;
				GCC_WARN_64_TO_32_BIT_CONVERSION = YES;
				GCC_WARN_ABOUT_RETURN_TYPE = YES_ERROR;
				GCC_WARN_UNDECLARED_SELECTOR = YES;
				GCC_WARN_UNINITIALIZED_AUTOS = YES_AGGRESSIVE;
				GCC_WARN_UNUSED_FUNCTION = YES;
				GCC_WARN_UNUSED_VARIABLE = YES;
				IPHONEOS_DEPLOYMENT_TARGET = 9.2;
				MTL_ENABLE_DEBUG_INFO = NO;
				SDKROOT = iphoneos;
				TARGETED_DEVICE_FAMILY = 2;
				VALIDATE_PRODUCT = YES;
			};
			name = Release;
		};
		AAD2D16A1CB4342F007D3C3F /* Debug */ = {
			isa = XCBuildConfiguration;
			buildSettings = {
				ASSETCATALOG_COMPILER_APPICON_NAME = AppIcon;
				INFOPLIST_FILE = "Media Example/Info.plist";
				LD_RUNPATH_SEARCH_PATHS = "$(inherited) @executable_path/Frameworks";
				PRODUCT_BUNDLE_IDENTIFIER = "com.training.Media-Example";
				PRODUCT_NAME = "$(TARGET_NAME)";
			};
			name = Debug;
		};
		AAD2D16B1CB4342F007D3C3F /* Release */ = {
			isa = XCBuildConfiguration;
			buildSettings = {
				ASSETCATALOG_COMPILER_APPICON_NAME = AppIcon;
				INFOPLIST_FILE = "Media Example/Info.plist";
				LD_RUNPATH_SEARCH_PATHS = "$(inherited) @executable_path/Frameworks";
				PRODUCT_BUNDLE_IDENTIFIER = "com.training.Media-Example";
				PRODUCT_NAME = "$(TARGET_NAME)";
			};
			name = Release;
		};
		AAD2D16D1CB4342F007D3C3F /* Debug */ = {
			isa = XCBuildConfiguration;
			buildSettings = {
				INFOPLIST_FILE = "Media ExampleUITests/Info.plist";
				LD_RUNPATH_SEARCH_PATHS = "$(inherited) @executable_path/Frameworks @loader_path/Frameworks";
				PRODUCT_BUNDLE_IDENTIFIER = "com.training.Media-ExampleUITests";
				PRODUCT_NAME = "$(TARGET_NAME)";
				TEST_TARGET_NAME = "Media Example";
				USES_XCTRUNNER = YES;
			};
			name = Debug;
		};
		AAD2D16E1CB4342F007D3C3F /* Release */ = {
			isa = XCBuildConfiguration;
			buildSettings = {
				INFOPLIST_FILE = "Media ExampleUITests/Info.plist";
				LD_RUNPATH_SEARCH_PATHS = "$(inherited) @executable_path/Frameworks @loader_path/Frameworks";
				PRODUCT_BUNDLE_IDENTIFIER = "com.training.Media-ExampleUITests";
				PRODUCT_NAME = "$(TARGET_NAME)";
				TEST_TARGET_NAME = "Media Example";
				USES_XCTRUNNER = YES;
			};
			name = Release;
		};
/* End XCBuildConfiguration section */

/* Begin XCConfigurationList section */
		AAD2D1421CB4342F007D3C3F /* Build configuration list for PBXProject "Media Example" */ = {
			isa = XCConfigurationList;
			buildConfigurations = (
				AAD2D1671CB4342F007D3C3F /* Debug */,
				AAD2D1681CB4342F007D3C3F /* Release */,
			);
			defaultConfigurationIsVisible = 0;
			defaultConfigurationName = Release;
		};
		AAD2D1691CB4342F007D3C3F /* Build configuration list for PBXNativeTarget "Media Example" */ = {
			isa = XCConfigurationList;
			buildConfigurations = (
				AAD2D16A1CB4342F007D3C3F /* Debug */,
				AAD2D16B1CB4342F007D3C3F /* Release */,
			);
			defaultConfigurationIsVisible = 0;
		};
		AAD2D16C1CB4342F007D3C3F /* Build configuration list for PBXNativeTarget "Media ExampleUITests" */ = {
			isa = XCConfigurationList;
			buildConfigurations = (
				AAD2D16D1CB4342F007D3C3F /* Debug */,
				AAD2D16E1CB4342F007D3C3F /* Release */,
			);
			defaultConfigurationIsVisible = 0;
		};
/* End XCConfigurationList section */
	};
	rootObject = AAD2D13F1CB4342F007D3C3F /* Project object */;
}
