// !$*UTF8*$!
{
	archiveVersion = 1;
	classes = {
	};
	objectVersion = 46;
	objects = {

/* Begin PBXBuildFile section */
		AA742BD01CA047B500BFE37F /* main.m in Sources */ = {isa = PBXBuildFile; fileRef = AA742BCF1CA047B500BFE37F /* main.m */; };
		AA742BDB1CA0487C00BFE37F /* Primes.m in Sources */ = {isa = PBXBuildFile; fileRef = AA742BDA1CA0487C00BFE37F /* Primes.m */; };
/* End PBXBuildFile section */

/* Begin PBXCopyFilesBuildPhase section */
		AA742BCA1CA047B500BFE37F /* CopyFiles */ = {
			isa = PBXCopyFilesBuildPhase;
			buildActionMask = 2147483647;
			dstPath = /usr/share/man/man1/;
			dstSubfolderSpec = 0;
			files = (
			);
			runOnlyForDeploymentPostprocessing = 1;
		};
/* End PBXCopyFilesBuildPhase section */

/* Begin PBXFileReference section */
		AA742BCC1CA047B500BFE37F /* GCD_Example3 */ = {isa = PBXFileReference; explicitFileType = "compiled.mach-o.executable"; includeInIndex = 0; path = GCD_Example3; sourceTree = BUILT_PRODUCTS_DIR; };
		AA742BCF1CA047B500BFE37F /* main.m */ = {isa = PBXFileReference; lastKnownFileType = sourcecode.c.objc; path = main.m; sourceTree = "<group>"; };
		AA742BD91CA0487C00BFE37F /* Primes.h */ = {isa = PBXFileReference; fileEncoding = 4; lastKnownFileType = sourcecode.c.h; name = Primes.h; path = ../Primes.h; sourceTree = "<group>"; };
		AA742BDA1CA0487C00BFE37F /* Primes.m */ = {isa = PBXFileReference; fileEncoding = 4; lastKnownFileType = sourcecode.c.objc; name = Primes.m; path = ../Primes.m; sourceTree = "<group>"; };
/* End PBXFileReference section */

/* Begin PBXFrameworksBuildPhase section */
		AA742BC91CA047B500BFE37F /* Frameworks */ = {
			isa = PBXFrameworksBuildPhase;
			buildActionMask = 2147483647;
			files = (
			);
			runOnlyForDeploymentPostprocessing = 0;
		};
/* End PBXFrameworksBuildPhase section */

/* Begin PBXGroup section */
		AA742BC31CA047B500BFE37F = {
			isa = PBXGroup;
			children = (
				AA742BCE1CA047B500BFE37F /* GCD_Example3 */,
				AA742BCD1CA047B500BFE37F /* Products */,
			);
			sourceTree = "<group>";
		};
		AA742BCD1CA047B500BFE37F /* Products */ = {
			isa = PBXGroup;
			children = (
				AA742BCC1CA047B500BFE37F /* GCD_Example3 */,
			);
			name = Products;
			sourceTree = "<group>";
		};
		AA742BCE1CA047B500BFE37F /* GCD_Example3 */ = {
			isa = PBXGroup;
			children = (
				AA742BCF1CA047B500BFE37F /* main.m */,
				AA742BD91CA0487C00BFE37F /* Primes.h */,
				AA742BDA1CA0487C00BFE37F /* Primes.m */,
			);
			path = GCD_Example3;
			sourceTree = "<group>";
		};
/* End PBXGroup section */

/* Begin PBXNativeTarget section */
		AA742BCB1CA047B500BFE37F /* GCD_Example3 */ = {
			isa = PBXNativeTarget;
			buildConfigurationList = AA742BD31CA047B500BFE37F /* Build configuration list for PBXNativeTarget "GCD_Example3" */;
			buildPhases = (
				AA742BC81CA047B500BFE37F /* Sources */,
				AA742BC91CA047B500BFE37F /* Frameworks */,
				AA742BCA1CA047B500BFE37F /* CopyFiles */,
			);
			buildRules = (
			);
			dependencies = (
			);
			name = GCD_Example3;
			productName = GCD_Example3;
			productReference = AA742BCC1CA047B500BFE37F /* GCD_Example3 */;
			productType = "com.apple.product-type.tool";
		};
/* End PBXNativeTarget section */

/* Begin PBXProject section */
		AA742BC41CA047B500BFE37F /* Project object */ = {
			isa = PBXProject;
			attributes = {
				LastUpgradeCheck = 0720;
				ORGANIZATIONNAME = Training;
				TargetAttributes = {
					AA742BCB1CA047B500BFE37F = {
						CreatedOnToolsVersion = 7.2;
					};
				};
			};
			buildConfigurationList = AA742BC71CA047B500BFE37F /* Build configuration list for PBXProject "GCD_Example3" */;
			compatibilityVersion = "Xcode 3.2";
			developmentRegion = English;
			hasScannedForEncodings = 0;
			knownRegions = (
				en,
			);
			mainGroup = AA742BC31CA047B500BFE37F;
			productRefGroup = AA742BCD1CA047B500BFE37F /* Products */;
			projectDirPath = "";
			projectRoot = "";
			targets = (
				AA742BCB1CA047B500BFE37F /* GCD_Example3 */,
			);
		};
/* End PBXProject section */

/* Begin PBXSourcesBuildPhase section */
		AA742BC81CA047B500BFE37F /* Sources */ = {
			isa = PBXSourcesBuildPhase;
			buildActionMask = 2147483647;
			files = (
				AA742BD01CA047B500BFE37F /* main.m in Sources */,
				AA742BDB1CA0487C00BFE37F /* Primes.m in Sources */,
			);
			runOnlyForDeploymentPostprocessing = 0;
		};
/* End PBXSourcesBuildPhase section */

/* Begin XCBuildConfiguration section */
		AA742BD11CA047B500BFE37F /* Debug */ = {
			isa = XCBuildConfiguration;
			buildSettings = {
				ALWAYS_SEARCH_USER_PATHS = NO;
				CLANG_CXX_LANGUAGE_STANDARD = "gnu++0x";
				CLANG_CXX_LIBRARY = "libc++";
				CLANG_ENABLE_MODULES = YES;
				CLANG_ENABLE_OBJC_ARC = YES;
				CLANG_WARN_BOOL_CONVERSION = YES;
				CLANG_WARN_CONSTANT_CONVERSION = YES;
				CLANG_WARN_DIRECT_OBJC_ISA_USAGE = YES_ERROR;
				CLANG_WARN_EMPTY_BODY = YES;
				CLANG_WARN_ENUM_CONVERSION = YES;
				CLANG_WARN_INT_CONVERSION = YES;
				CLANG_WARN_OBJC_ROOT_CLASS = YES_ERROR;
				CLANG_WARN_UNREACHABLE_CODE = YES;
				CLANG_WARN__DUPLICATE_METHOD_MATCH = YES;
				CODE_SIGN_IDENTITY = "-";
				COPY_PHASE_STRIP = NO;
				DEBUG_INFORMATION_FORMAT = dwarf;
				ENABLE_STRICT_OBJC_MSGSEND = YES;
				ENABLE_TESTABILITY = YES;
				GCC_C_LANGUAGE_STANDARD = gnu99;
				GCC_DYNAMIC_NO_PIC = NO;
				GCC_NO_COMMON_BLOCKS = YES;
				GCC_OPTIMIZATION_LEVEL = 0;
				GCC_PREPROCESSOR_DEFINITIONS = (
					"DEBUG=1",
					"$(inherited)",
				);
				GCC_WARN_64_TO_32_BIT_CONVERSION = YES;
				GCC_WARN_ABOUT_RETURN_TYPE = YES_ERROR;
				GCC_WARN_UNDECLARED_SELECTOR = YES;
				GCC_WARN_UNINITIALIZED_AUTOS = YES_AGGRESSIVE;
				GCC_WARN_UNUSED_FUNCTION = YES;
				GCC_WARN_UNUSED_VARIABLE = YES;
				MACOSX_DEPLOYMENT_TARGET = 10.11;
				MTL_ENABLE_DEBUG_INFO = YES;
				ONLY_ACTIVE_ARCH = YES;
				SDKROOT = macosx;
			};
			name = Debug;
		};
		AA742BD21CA047B500BFE37F /* Release */ = {
			isa = XCBuildConfiguration;
			buildSettings = {
				ALWAYS_SEARCH_USER_PATHS = NO;
				CLANG_CXX_LANGUAGE_STANDARD = "gnu++0x";
				CLANG_CXX_LIBRARY = "libc++";
				CLANG_ENABLE_MODULES = YES;
				CLANG_ENABLE_OBJC_ARC = YES;
				CLANG_WARN_BOOL_CONVERSION = YES;
				CLANG_WARN_CONSTANT_CONVERSION = YES;
				CLANG_WARN_DIRECT_OBJC_ISA_USAGE = YES_ERROR;
				CLANG_WARN_EMPTY_BODY = YES;
				CLANG_WARN_ENUM_CONVERSION = YES;
				CLANG_WARN_INT_CONVERSION = YES;
				CLANG_WARN_OBJC_ROOT_CLASS = YES_ERROR;
				CLANG_WARN_UNREACHABLE_CODE = YES;
				CLANG_WARN__DUPLICATE_METHOD_MATCH = YES;
				CODE_SIGN_IDENTITY = "-";
				COPY_PHASE_STRIP = NO;
				DEBUG_INFORMATION_FORMAT = "dwarf-with-dsym";
				ENABLE_NS_ASSERTIONS = NO;
				ENABLE_STRICT_OBJC_MSGSEND = YES;
				GCC_C_LANGUAGE_STANDARD = gnu99;
				GCC_NO_COMMON_BLOCKS = YES;
				GCC_WARN_64_TO_32_BIT_CONVERSION = YES;
				GCC_WARN_ABOUT_RETURN_TYPE = YES_ERROR;
				GCC_WARN_UNDECLARED_SELECTOR = YES;
				GCC_WARN_UNINITIALIZED_AUTOS = YES_AGGRESSIVE;
				GCC_WARN_UNUSED_FUNCTION = YES;
				GCC_WARN_UNUSED_VARIABLE = YES;
				MACOSX_DEPLOYMENT_TARGET = 10.11;
				MTL_ENABLE_DEBUG_INFO = NO;
				SDKROOT = macosx;
			};
			name = Release;
		};
		AA742BD41CA047B500BFE37F /* Debug */ = {
			isa = XCBuildConfiguration;
			buildSettings = {
				PRODUCT_NAME = "$(TARGET_NAME)";
			};
			name = Debug;
		};
		AA742BD51CA047B500BFE37F /* Release */ = {
			isa = XCBuildConfiguration;
			buildSettings = {
				PRODUCT_NAME = "$(TARGET_NAME)";
			};
			name = Release;
		};
/* End XCBuildConfiguration section */

/* Begin XCConfigurationList section */
		AA742BC71CA047B500BFE37F /* Build configuration list for PBXProject "GCD_Example3" */ = {
			isa = XCConfigurationList;
			buildConfigurations = (
				AA742BD11CA047B500BFE37F /* Debug */,
				AA742BD21CA047B500BFE37F /* Release */,
			);
			defaultConfigurationIsVisible = 0;
			defaultConfigurationName = Release;
		};
		AA742BD31CA047B500BFE37F /* Build configuration list for PBXNativeTarget "GCD_Example3" */ = {
			isa = XCConfigurationList;
			buildConfigurations = (
				AA742BD41CA047B500BFE37F /* Debug */,
				AA742BD51CA047B500BFE37F /* Release */,
			);
			defaultConfigurationIsVisible = 0;
		};
/* End XCConfigurationList section */
	};
	rootObject = AA742BC41CA047B500BFE37F /* Project object */;
}
