// !$*UTF8*$!
{
	archiveVersion = 1;
	classes = {
	};
	objectVersion = 46;
	objects = {

/* Begin PBXBuildFile section */
		AABAC9AE1C8397FD006C6EF9 /* main.c in Sources */ = {isa = PBXBuildFile; fileRef = AABAC9AD1C8397FD006C6EF9 /* main.c */; };
/* End PBXBuildFile section */

/* Begin PBXCopyFilesBuildPhase section */
		AABAC9A81C8397FD006C6EF9 /* CopyFiles */ = {
			isa = PBXCopyFilesBuildPhase;
			buildActionMask = 2147483647;
			dstPath = /usr/share/man/man1/;
			dstSubfolderSpec = 0;
			files = (
			);
			runOnlyForDeploymentPostprocessing = 1;
		};
/* End PBXCopyFilesBuildPhase section */

/* Begin PBXFileReference section */
		AABAC9AA1C8397FD006C6EF9 /* ClassCertificates */ = {isa = PBXFileReference; explicitFileType = "compiled.mach-o.executable"; includeInIndex = 0; path = ClassCertificates; sourceTree = BUILT_PRODUCTS_DIR; };
		AABAC9AD1C8397FD006C6EF9 /* main.c */ = {isa = PBXFileReference; lastKnownFileType = sourcecode.c.c; path = main.c; sourceTree = "<group>"; };
/* End PBXFileReference section */

/* Begin PBXFrameworksBuildPhase section */
		AABAC9A71C8397FD006C6EF9 /* Frameworks */ = {
			isa = PBXFrameworksBuildPhase;
			buildActionMask = 2147483647;
			files = (
			);
			runOnlyForDeploymentPostprocessing = 0;
		};
/* End PBXFrameworksBuildPhase section */

/* Begin PBXGroup section */
		AABAC9A11C8397FD006C6EF9 = {
			isa = PBXGroup;
			children = (
				AABAC9AC1C8397FD006C6EF9 /* ClassCertificates */,
				AABAC9AB1C8397FD006C6EF9 /* Products */,
			);
			sourceTree = "<group>";
		};
		AABAC9AB1C8397FD006C6EF9 /* Products */ = {
			isa = PBXGroup;
			children = (
				AABAC9AA1C8397FD006C6EF9 /* ClassCertificates */,
			);
			name = Products;
			sourceTree = "<group>";
		};
		AABAC9AC1C8397FD006C6EF9 /* ClassCertificates */ = {
			isa = PBXGroup;
			children = (
				AABAC9AD1C8397FD006C6EF9 /* main.c */,
			);
			path = ClassCertificates;
			sourceTree = "<group>";
		};
/* End PBXGroup section */

/* Begin PBXNativeTarget section */
		AABAC9A91C8397FD006C6EF9 /* ClassCertificates */ = {
			isa = PBXNativeTarget;
			buildConfigurationList = AABAC9B11C8397FD006C6EF9 /* Build configuration list for PBXNativeTarget "ClassCertificates" */;
			buildPhases = (
				AABAC9A61C8397FD006C6EF9 /* Sources */,
				AABAC9A71C8397FD006C6EF9 /* Frameworks */,
				AABAC9A81C8397FD006C6EF9 /* CopyFiles */,
			);
			buildRules = (
			);
			dependencies = (
			);
			name = ClassCertificates;
			productName = ClassCertificates;
			productReference = AABAC9AA1C8397FD006C6EF9 /* ClassCertificates */;
			productType = "com.apple.product-type.tool";
		};
/* End PBXNativeTarget section */

/* Begin PBXProject section */
		AABAC9A21C8397FD006C6EF9 /* Project object */ = {
			isa = PBXProject;
			attributes = {
				LastUpgradeCheck = 0720;
				ORGANIZATIONNAME = "Big Nerd Branch";
				TargetAttributes = {
					AABAC9A91C8397FD006C6EF9 = {
						CreatedOnToolsVersion = 7.2;
					};
				};
			};
			buildConfigurationList = AABAC9A51C8397FD006C6EF9 /* Build configuration list for PBXProject "ClassCertificates" */;
			compatibilityVersion = "Xcode 3.2";
			developmentRegion = English;
			hasScannedForEncodings = 0;
			knownRegions = (
				en,
			);
			mainGroup = AABAC9A11C8397FD006C6EF9;
			productRefGroup = AABAC9AB1C8397FD006C6EF9 /* Products */;
			projectDirPath = "";
			projectRoot = "";
			targets = (
				AABAC9A91C8397FD006C6EF9 /* ClassCertificates */,
			);
		};
/* End PBXProject section */

/* Begin PBXSourcesBuildPhase section */
		AABAC9A61C8397FD006C6EF9 /* Sources */ = {
			isa = PBXSourcesBuildPhase;
			buildActionMask = 2147483647;
			files = (
				AABAC9AE1C8397FD006C6EF9 /* main.c in Sources */,
			);
			runOnlyForDeploymentPostprocessing = 0;
		};
/* End PBXSourcesBuildPhase section */

/* Begin XCBuildConfiguration section */
		AABAC9AF1C8397FD006C6EF9 /* Debug */ = {
			isa = XCBuildConfiguration;
			buildSettings = {
				ALWAYS_SEARCH_USER_PATHS = NO;
				CLANG_CXX_LANGUAGE_STANDARD = "gnu++0x";
				CLANG_CXX_LIBRARY = "libc++";
				CLANG_ENABLE_MODULES = YES;
				CLANG_ENABLE_OBJC_ARC = YES;
				CLANG_WARN_BOOL_CONVERSION = YES;
				CLANG_WARN_CONSTANT_CONVERSION = YES;
				CLANG_WARN_DIRECT_OBJC_ISA_USAGE = YES_ERROR;
				CLANG_WARN_EMPTY_BODY = YES;
				CLANG_WARN_ENUM_CONVERSION = YES;
				CLANG_WARN_INT_CONVERSION = YES;
				CLANG_WARN_OBJC_ROOT_CLASS = YES_ERROR;
				CLANG_WARN_UNREACHABLE_CODE = YES;
				CLANG_WARN__DUPLICATE_METHOD_MATCH = YES;
				CODE_SIGN_IDENTITY = "-";
				COPY_PHASE_STRIP = NO;
				DEBUG_INFORMATION_FORMAT = dwarf;
				ENABLE_STRICT_OBJC_MSGSEND = YES;
				ENABLE_TESTABILITY = YES;
				GCC_C_LANGUAGE_STANDARD = gnu99;
				GCC_DYNAMIC_NO_PIC = NO;
				GCC_NO_COMMON_BLOCKS = YES;
				GCC_OPTIMIZATION_LEVEL = 0;
				GCC_PREPROCESSOR_DEFINITIONS = (
					"DEBUG=1",
					"$(inherited)",
				);
				GCC_WARN_64_TO_32_BIT_CONVERSION = YES;
				GCC_WARN_ABOUT_RETURN_TYPE = YES_ERROR;
				GCC_WARN_UNDECLARED_SELECTOR = YES;
				GCC_WARN_UNINITIALIZED_AUTOS = YES_AGGRESSIVE;
				GCC_WARN_UNUSED_FUNCTION = YES;
				GCC_WARN_UNUSED_VARIABLE = YES;
				MACOSX_DEPLOYMENT_TARGET = 10.11;
				MTL_ENABLE_DEBUG_INFO = YES;
				ONLY_ACTIVE_ARCH = YES;
				SDKROOT = macosx;
			};
			name = Debug;
		};
		AABAC9B01C8397FD006C6EF9 /* Release */ = {
			isa = XCBuildConfiguration;
			buildSettings = {
				ALWAYS_SEARCH_USER_PATHS = NO;
				CLANG_CXX_LANGUAGE_STANDARD = "gnu++0x";
				CLANG_CXX_LIBRARY = "libc++";
				CLANG_ENABLE_MODULES = YES;
				CLANG_ENABLE_OBJC_ARC = YES;
				CLANG_WARN_BOOL_CONVERSION = YES;
				CLANG_WARN_CONSTANT_CONVERSION = YES;
				CLANG_WARN_DIRECT_OBJC_ISA_USAGE = YES_ERROR;
				CLANG_WARN_EMPTY_BODY = YES;
				CLANG_WARN_ENUM_CONVERSION = YES;
				CLANG_WARN_INT_CONVERSION = YES;
				CLANG_WARN_OBJC_ROOT_CLASS = YES_ERROR;
				CLANG_WARN_UNREACHABLE_CODE = YES;
				CLANG_WARN__DUPLICATE_METHOD_MATCH = YES;
				CODE_SIGN_IDENTITY = "-";
				COPY_PHASE_STRIP = NO;
				DEBUG_INFORMATION_FORMAT = "dwarf-with-dsym";
				ENABLE_NS_ASSERTIONS = NO;
				ENABLE_STRICT_OBJC_MSGSEND = YES;
				GCC_C_LANGUAGE_STANDARD = gnu99;
				GCC_NO_COMMON_BLOCKS = YES;
				GCC_WARN_64_TO_32_BIT_CONVERSION = YES;
				GCC_WARN_ABOUT_RETURN_TYPE = YES_ERROR;
				GCC_WARN_UNDECLARED_SELECTOR = YES;
				GCC_WARN_UNINITIALIZED_AUTOS = YES_AGGRESSIVE;
				GCC_WARN_UNUSED_FUNCTION = YES;
				GCC_WARN_UNUSED_VARIABLE = YES;
				MACOSX_DEPLOYMENT_TARGET = 10.11;
				MTL_ENABLE_DEBUG_INFO = NO;
				SDKROOT = macosx;
			};
			name = Release;
		};
		AABAC9B21C8397FD006C6EF9 /* Debug */ = {
			isa = XCBuildConfiguration;
			buildSettings = {
				PRODUCT_NAME = "$(TARGET_NAME)";
			};
			name = Debug;
		};
		AABAC9B31C8397FD006C6EF9 /* Release */ = {
			isa = XCBuildConfiguration;
			buildSettings = {
				PRODUCT_NAME = "$(TARGET_NAME)";
			};
			name = Release;
		};
/* End XCBuildConfiguration section */

/* Begin XCConfigurationList section */
		AABAC9A51C8397FD006C6EF9 /* Build configuration list for PBXProject "ClassCertificates" */ = {
			isa = XCConfigurationList;
			buildConfigurations = (
				AABAC9AF1C8397FD006C6EF9 /* Debug */,
				AABAC9B01C8397FD006C6EF9 /* Release */,
			);
			defaultConfigurationIsVisible = 0;
			defaultConfigurationName = Release;
		};
		AABAC9B11C8397FD006C6EF9 /* Build configuration list for PBXNativeTarget "ClassCertificates" */ = {
			isa = XCConfigurationList;
			buildConfigurations = (
				AABAC9B21C8397FD006C6EF9 /* Debug */,
				AABAC9B31C8397FD006C6EF9 /* Release */,
			);
			defaultConfigurationIsVisible = 0;
		};
/* End XCConfigurationList section */
	};
	rootObject = AABAC9A21C8397FD006C6EF9 /* Project object */;
}
